// !$*UTF8*$!
{
	archiveVersion = 1;
	classes = {
	};
	objectVersion = 46;
	objects = {

/* Begin PBXBuildFile section */
		630A5CE91BE93BEF003292EE /* YMSSLProvider.c in Sources */ = {isa = PBXBuildFile; fileRef = 630A5CE71BE93BEF003292EE /* YMSSLProvider.c */; };
		630A5CEA1BE93BEF003292EE /* YMSSLProvider.h in Headers */ = {isa = PBXBuildFile; fileRef = 630A5CE81BE93BEF003292EE /* YMSSLProvider.h */; };
		630A5CED1BE9428C003292EE /* YMmDNSService.c in Sources */ = {isa = PBXBuildFile; fileRef = 630A5CEB1BE9428C003292EE /* YMmDNSService.c */; };
		630A5CEE1BE9428C003292EE /* YMmDNSService.h in Headers */ = {isa = PBXBuildFile; fileRef = 630A5CEC1BE9428C003292EE /* YMmDNSService.h */; };
		630A5CF21BE950F1003292EE /* YMConnection.c in Sources */ = {isa = PBXBuildFile; fileRef = 630A5CF01BE950F1003292EE /* YMConnection.c */; };
		630A5CF31BE950F1003292EE /* YMConnection.h in Headers */ = {isa = PBXBuildFile; fileRef = 630A5CF11BE950F1003292EE /* YMConnection.h */; };
		630A5CF61BE9518A003292EE /* YMSession.c in Sources */ = {isa = PBXBuildFile; fileRef = 630A5CF41BE9518A003292EE /* YMSession.c */; };
		630A5CF71BE9518A003292EE /* YMSession.h in Headers */ = {isa = PBXBuildFile; fileRef = 630A5CF51BE9518A003292EE /* YMSession.h */; };
		630A5CFA1BE95E36003292EE /* YMThreads.c in Sources */ = {isa = PBXBuildFile; fileRef = 630A5CF81BE95E36003292EE /* YMThreads.c */; };
		630A5CFB1BE95E36003292EE /* YMThreads.h in Headers */ = {isa = PBXBuildFile; fileRef = 630A5CF91BE95E36003292EE /* YMThreads.h */; };
		630A5D031BE96CE9003292EE /* YammerTests.m in Sources */ = {isa = PBXBuildFile; fileRef = 630A5D021BE96CE9003292EE /* YammerTests.m */; };
		630A5D051BE96CE9003292EE /* libyammer.dylib in Frameworks */ = {isa = PBXBuildFile; fileRef = 63225D421BE9026200C28F05 /* libyammer.dylib */; };
		630A5D161BE9777C003292EE /* YMmDNSBrowser.c in Sources */ = {isa = PBXBuildFile; fileRef = 630A5D141BE9777C003292EE /* YMmDNSBrowser.c */; };
		630A5D171BE9777C003292EE /* YMmDNSBrowser.h in Headers */ = {isa = PBXBuildFile; fileRef = 630A5D151BE9777C003292EE /* YMmDNSBrowser.h */; };
		630A5D1C1BE98199003292EE /* YMmDNS.c in Sources */ = {isa = PBXBuildFile; fileRef = 630A5D1B1BE98199003292EE /* YMmDNS.c */; };
		63225D541BE9074700C28F05 /* YMPipe.c in Sources */ = {isa = PBXBuildFile; fileRef = 63225D521BE9074700C28F05 /* YMPipe.c */; };
		63225D551BE9074700C28F05 /* YMPipe.h in Headers */ = {isa = PBXBuildFile; fileRef = 63225D531BE9074700C28F05 /* YMPipe.h */; };
		63225D5C1BE9092500C28F05 /* YMStream.c in Sources */ = {isa = PBXBuildFile; fileRef = 63225D5A1BE9092500C28F05 /* YMStream.c */; };
		63225D5D1BE9092500C28F05 /* YMStream.h in Headers */ = {isa = PBXBuildFile; fileRef = 63225D5B1BE9092500C28F05 /* YMStream.h */; };
		63225D601BE909BB00C28F05 /* YMPlexer.c in Sources */ = {isa = PBXBuildFile; fileRef = 63225D5E1BE909BB00C28F05 /* YMPlexer.c */; };
		63225D611BE909BB00C28F05 /* YMPlexer.h in Headers */ = {isa = PBXBuildFile; fileRef = 63225D5F1BE909BB00C28F05 /* YMPlexer.h */; };
		63225D641BE90A6400C28F05 /* YMSecurityProvider.c in Sources */ = {isa = PBXBuildFile; fileRef = 63225D621BE90A6400C28F05 /* YMSecurityProvider.c */; };
		63225D651BE90A6400C28F05 /* YMSecurityProvider.h in Headers */ = {isa = PBXBuildFile; fileRef = 63225D631BE90A6400C28F05 /* YMSecurityProvider.h */; };
		63225D691BE9184000C28F05 /* YMIO.c in Sources */ = {isa = PBXBuildFile; fileRef = 63225D671BE9184000C28F05 /* YMIO.c */; };
		63225D6A1BE9184000C28F05 /* YMIO.h in Headers */ = {isa = PBXBuildFile; fileRef = 63225D681BE9184000C28F05 /* YMIO.h */; };
		63225D6D1BE91B3B00C28F05 /* YMLog.c in Sources */ = {isa = PBXBuildFile; fileRef = 63225D6B1BE91B3B00C28F05 /* YMLog.c */; };
		63225D6E1BE91B3B00C28F05 /* YMLog.h in Headers */ = {isa = PBXBuildFile; fileRef = 63225D6C1BE91B3B00C28F05 /* YMLog.h */; };
		63225D981BE92B6000C28F05 /* YMBase.c in Sources */ = {isa = PBXBuildFile; fileRef = 63225D971BE92B6000C28F05 /* YMBase.c */; };
		63225D9E1BE9372800C28F05 /* libssl.1.0.0.dylib in Frameworks */ = {isa = PBXBuildFile; fileRef = 63225D9D1BE9372800C28F05 /* libssl.1.0.0.dylib */; };
		63476A3F1BEAE54100D10081 /* mDNSTests.m in Sources */ = {isa = PBXBuildFile; fileRef = 63476A3E1BEAE54100D10081 /* mDNSTests.m */; };
/* End PBXBuildFile section */

/* Begin PBXContainerItemProxy section */
		630A5D061BE96CE9003292EE /* PBXContainerItemProxy */ = {
			isa = PBXContainerItemProxy;
			containerPortal = 63225D3A1BE9026200C28F05 /* Project object */;
			proxyType = 1;
			remoteGlobalIDString = 63225D411BE9026200C28F05;
			remoteInfo = yammer;
		};
/* End PBXContainerItemProxy section */

/* Begin PBXFileReference section */
		630A5CE71BE93BEF003292EE /* YMSSLProvider.c */ = {isa = PBXFileReference; fileEncoding = 4; lastKnownFileType = sourcecode.c.c; name = YMSSLProvider.c; path = src/YMSSLProvider.c; sourceTree = "<group>"; };
		630A5CE81BE93BEF003292EE /* YMSSLProvider.h */ = {isa = PBXFileReference; fileEncoding = 4; lastKnownFileType = sourcecode.c.h; name = YMSSLProvider.h; path = src/YMSSLProvider.h; sourceTree = "<group>"; };
		630A5CEB1BE9428C003292EE /* YMmDNSService.c */ = {isa = PBXFileReference; fileEncoding = 4; lastKnownFileType = sourcecode.c.c; name = YMmDNSService.c; path = src/YMmDNSService.c; sourceTree = "<group>"; };
		630A5CEC1BE9428C003292EE /* YMmDNSService.h */ = {isa = PBXFileReference; fileEncoding = 4; lastKnownFileType = sourcecode.c.h; name = YMmDNSService.h; path = src/YMmDNSService.h; sourceTree = "<group>"; };
		630A5CF01BE950F1003292EE /* YMConnection.c */ = {isa = PBXFileReference; fileEncoding = 4; lastKnownFileType = sourcecode.c.c; name = YMConnection.c; path = src/YMConnection.c; sourceTree = "<group>"; };
		630A5CF11BE950F1003292EE /* YMConnection.h */ = {isa = PBXFileReference; fileEncoding = 4; lastKnownFileType = sourcecode.c.h; name = YMConnection.h; path = src/YMConnection.h; sourceTree = "<group>"; };
		630A5CF41BE9518A003292EE /* YMSession.c */ = {isa = PBXFileReference; fileEncoding = 4; lastKnownFileType = sourcecode.c.c; name = YMSession.c; path = src/YMSession.c; sourceTree = "<group>"; };
		630A5CF51BE9518A003292EE /* YMSession.h */ = {isa = PBXFileReference; fileEncoding = 4; lastKnownFileType = sourcecode.c.h; name = YMSession.h; path = src/YMSession.h; sourceTree = "<group>"; };
		630A5CF81BE95E36003292EE /* YMThreads.c */ = {isa = PBXFileReference; fileEncoding = 4; lastKnownFileType = sourcecode.c.c; name = YMThreads.c; path = src/YMThreads.c; sourceTree = "<group>"; };
		630A5CF91BE95E36003292EE /* YMThreads.h */ = {isa = PBXFileReference; fileEncoding = 4; lastKnownFileType = sourcecode.c.h; name = YMThreads.h; path = src/YMThreads.h; sourceTree = "<group>"; };
		630A5D001BE96CE9003292EE /* YammerTests.xctest */ = {isa = PBXFileReference; explicitFileType = wrapper.cfbundle; includeInIndex = 0; path = YammerTests.xctest; sourceTree = BUILT_PRODUCTS_DIR; };
		630A5D021BE96CE9003292EE /* YammerTests.m */ = {isa = PBXFileReference; lastKnownFileType = sourcecode.c.objc; path = YammerTests.m; sourceTree = "<group>"; };
		630A5D041BE96CE9003292EE /* Info.plist */ = {isa = PBXFileReference; lastKnownFileType = text.plist.xml; path = Info.plist; sourceTree = "<group>"; };
		630A5D0B1BE96D6E003292EE /* Yammer.h */ = {isa = PBXFileReference; lastKnownFileType = sourcecode.c.h; name = Yammer.h; path = src/Yammer.h; sourceTree = "<group>"; };
		630A5D141BE9777C003292EE /* YMmDNSBrowser.c */ = {isa = PBXFileReference; fileEncoding = 4; lastKnownFileType = sourcecode.c.c; name = YMmDNSBrowser.c; path = src/YMmDNSBrowser.c; sourceTree = "<group>"; };
		630A5D151BE9777C003292EE /* YMmDNSBrowser.h */ = {isa = PBXFileReference; fileEncoding = 4; lastKnownFileType = sourcecode.c.h; name = YMmDNSBrowser.h; path = src/YMmDNSBrowser.h; sourceTree = "<group>"; };
		630A5D1A1BE97D5A003292EE /* YMmDNS.h */ = {isa = PBXFileReference; lastKnownFileType = sourcecode.c.h; name = YMmDNS.h; path = src/YMmDNS.h; sourceTree = "<group>"; };
		630A5D1B1BE98199003292EE /* YMmDNS.c */ = {isa = PBXFileReference; fileEncoding = 4; lastKnownFileType = sourcecode.c.c; name = YMmDNS.c; path = src/YMmDNS.c; sourceTree = "<group>"; };
		63225D421BE9026200C28F05 /* libyammer.dylib */ = {isa = PBXFileReference; explicitFileType = "compiled.mach-o.dylib"; includeInIndex = 0; path = libyammer.dylib; sourceTree = BUILT_PRODUCTS_DIR; };
		63225D521BE9074700C28F05 /* YMPipe.c */ = {isa = PBXFileReference; fileEncoding = 4; lastKnownFileType = sourcecode.c.c; name = YMPipe.c; path = src/YMPipe.c; sourceTree = "<group>"; };
		63225D531BE9074700C28F05 /* YMPipe.h */ = {isa = PBXFileReference; fileEncoding = 4; lastKnownFileType = sourcecode.c.h; name = YMPipe.h; path = src/YMPipe.h; sourceTree = "<group>"; };
		63225D5A1BE9092500C28F05 /* YMStream.c */ = {isa = PBXFileReference; fileEncoding = 4; lastKnownFileType = sourcecode.c.c; name = YMStream.c; path = src/YMStream.c; sourceTree = "<group>"; };
		63225D5B1BE9092500C28F05 /* YMStream.h */ = {isa = PBXFileReference; fileEncoding = 4; lastKnownFileType = sourcecode.c.h; name = YMStream.h; path = src/YMStream.h; sourceTree = "<group>"; };
		63225D5E1BE909BB00C28F05 /* YMPlexer.c */ = {isa = PBXFileReference; fileEncoding = 4; lastKnownFileType = sourcecode.c.c; name = YMPlexer.c; path = src/YMPlexer.c; sourceTree = "<group>"; };
		63225D5F1BE909BB00C28F05 /* YMPlexer.h */ = {isa = PBXFileReference; fileEncoding = 4; lastKnownFileType = sourcecode.c.h; name = YMPlexer.h; path = src/YMPlexer.h; sourceTree = "<group>"; };
		63225D621BE90A6400C28F05 /* YMSecurityProvider.c */ = {isa = PBXFileReference; fileEncoding = 4; lastKnownFileType = sourcecode.c.c; name = YMSecurityProvider.c; path = src/YMSecurityProvider.c; sourceTree = "<group>"; };
		63225D631BE90A6400C28F05 /* YMSecurityProvider.h */ = {isa = PBXFileReference; fileEncoding = 4; lastKnownFileType = sourcecode.c.h; name = YMSecurityProvider.h; path = src/YMSecurityProvider.h; sourceTree = "<group>"; };
		63225D661BE90B2D00C28F05 /* YMBase.h */ = {isa = PBXFileReference; lastKnownFileType = sourcecode.c.h; name = YMBase.h; path = src/YMBase.h; sourceTree = "<group>"; };
		63225D671BE9184000C28F05 /* YMIO.c */ = {isa = PBXFileReference; fileEncoding = 4; lastKnownFileType = sourcecode.c.c; name = YMIO.c; path = src/YMIO.c; sourceTree = "<group>"; };
		63225D681BE9184000C28F05 /* YMIO.h */ = {isa = PBXFileReference; fileEncoding = 4; lastKnownFileType = sourcecode.c.h; name = YMIO.h; path = src/YMIO.h; sourceTree = "<group>"; };
		63225D6B1BE91B3B00C28F05 /* YMLog.c */ = {isa = PBXFileReference; fileEncoding = 4; lastKnownFileType = sourcecode.c.c; name = YMLog.c; path = src/YMLog.c; sourceTree = "<group>"; };
		63225D6C1BE91B3B00C28F05 /* YMLog.h */ = {isa = PBXFileReference; fileEncoding = 4; lastKnownFileType = sourcecode.c.h; name = YMLog.h; path = src/YMLog.h; sourceTree = "<group>"; };
		63225D971BE92B6000C28F05 /* YMBase.c */ = {isa = PBXFileReference; fileEncoding = 4; lastKnownFileType = sourcecode.c.c; name = YMBase.c; path = src/YMBase.c; sourceTree = "<group>"; };
		63225D991BE92CBA00C28F05 /* YMPrivate.h */ = {isa = PBXFileReference; lastKnownFileType = sourcecode.c.h; name = YMPrivate.h; path = src/YMPrivate.h; sourceTree = "<group>"; };
		63225D9D1BE9372800C28F05 /* libssl.1.0.0.dylib */ = {isa = PBXFileReference; lastKnownFileType = "compiled.mach-o.dylib"; name = libssl.1.0.0.dylib; path = /opt/local/lib/libssl.1.0.0.dylib; sourceTree = "<absolute>"; };
		63476A3E1BEAE54100D10081 /* mDNSTests.m */ = {isa = PBXFileReference; fileEncoding = 4; lastKnownFileType = sourcecode.c.objc; path = mDNSTests.m; sourceTree = "<group>"; };
/* End PBXFileReference section */

/* Begin PBXFrameworksBuildPhase section */
		630A5CFD1BE96CE9003292EE /* Frameworks */ = {
			isa = PBXFrameworksBuildPhase;
			buildActionMask = 2147483647;
			files = (
				630A5D051BE96CE9003292EE /* libyammer.dylib in Frameworks */,
			);
			runOnlyForDeploymentPostprocessing = 0;
		};
		63225D3F1BE9026200C28F05 /* Frameworks */ = {
			isa = PBXFrameworksBuildPhase;
			buildActionMask = 2147483647;
			files = (
				63225D9E1BE9372800C28F05 /* libssl.1.0.0.dylib in Frameworks */,
			);
			runOnlyForDeploymentPostprocessing = 0;
		};
/* End PBXFrameworksBuildPhase section */

/* Begin PBXGroup section */
		630A5D011BE96CE9003292EE /* YammerTests */ = {
			isa = PBXGroup;
			children = (
				630A5D021BE96CE9003292EE /* YammerTests.m */,
				63476A3E1BEAE54100D10081 /* mDNSTests.m */,
				630A5D041BE96CE9003292EE /* Info.plist */,
			);
			path = YammerTests;
			sourceTree = "<group>";
		};
		63225D391BE9026200C28F05 = {
			isa = PBXGroup;
			children = (
				63225D9C1BE9314100C28F05 /* libs */,
				63225D491BE9027000C28F05 /* src */,
				630A5D011BE96CE9003292EE /* YammerTests */,
				63225D431BE9026200C28F05 /* Products */,
			);
			sourceTree = "<group>";
		};
		63225D431BE9026200C28F05 /* Products */ = {
			isa = PBXGroup;
			children = (
				63225D421BE9026200C28F05 /* libyammer.dylib */,
				630A5D001BE96CE9003292EE /* YammerTests.xctest */,
			);
			name = Products;
			sourceTree = "<group>";
		};
		63225D491BE9027000C28F05 /* src */ = {
			isa = PBXGroup;
			children = (
				63225D661BE90B2D00C28F05 /* YMBase.h */,
				63225D971BE92B6000C28F05 /* YMBase.c */,
				63225D991BE92CBA00C28F05 /* YMPrivate.h */,
				63225D531BE9074700C28F05 /* YMPipe.h */,
				63225D521BE9074700C28F05 /* YMPipe.c */,
				63225D5B1BE9092500C28F05 /* YMStream.h */,
				63225D5A1BE9092500C28F05 /* YMStream.c */,
				63225D5F1BE909BB00C28F05 /* YMPlexer.h */,
				63225D5E1BE909BB00C28F05 /* YMPlexer.c */,
				63225D631BE90A6400C28F05 /* YMSecurityProvider.h */,
				63225D621BE90A6400C28F05 /* YMSecurityProvider.c */,
				630A5CE81BE93BEF003292EE /* YMSSLProvider.h */,
				630A5CE71BE93BEF003292EE /* YMSSLProvider.c */,
				63225D671BE9184000C28F05 /* YMIO.c */,
				63225D681BE9184000C28F05 /* YMIO.h */,
				63225D6C1BE91B3B00C28F05 /* YMLog.h */,
				63225D6B1BE91B3B00C28F05 /* YMLog.c */,
				630A5CF11BE950F1003292EE /* YMConnection.h */,
				630A5CF01BE950F1003292EE /* YMConnection.c */,
				630A5CF51BE9518A003292EE /* YMSession.h */,
				630A5CF41BE9518A003292EE /* YMSession.c */,
				630A5CF91BE95E36003292EE /* YMThreads.h */,
				630A5CF81BE95E36003292EE /* YMThreads.c */,
				630A5D0B1BE96D6E003292EE /* Yammer.h */,
				630A5D1A1BE97D5A003292EE /* YMmDNS.h */,
				630A5D1B1BE98199003292EE /* YMmDNS.c */,
				630A5D151BE9777C003292EE /* YMmDNSBrowser.h */,
				630A5D141BE9777C003292EE /* YMmDNSBrowser.c */,
				630A5CEC1BE9428C003292EE /* YMmDNSService.h */,
				630A5CEB1BE9428C003292EE /* YMmDNSService.c */,
			);
			name = src;
			sourceTree = "<group>";
		};
		63225D9C1BE9314100C28F05 /* libs */ = {
			isa = PBXGroup;
			children = (
				63225D9D1BE9372800C28F05 /* libssl.1.0.0.dylib */,
			);
			name = libs;
			sourceTree = "<group>";
		};
/* End PBXGroup section */

/* Begin PBXHeadersBuildPhase section */
		63225D401BE9026200C28F05 /* Headers */ = {
			isa = PBXHeadersBuildPhase;
			buildActionMask = 2147483647;
			files = (
				630A5CF31BE950F1003292EE /* YMConnection.h in Headers */,
				63225D6A1BE9184000C28F05 /* YMIO.h in Headers */,
				630A5CFB1BE95E36003292EE /* YMThreads.h in Headers */,
				63225D5D1BE9092500C28F05 /* YMStream.h in Headers */,
				63225D611BE909BB00C28F05 /* YMPlexer.h in Headers */,
				63225D6E1BE91B3B00C28F05 /* YMLog.h in Headers */,
				63225D551BE9074700C28F05 /* YMPipe.h in Headers */,
				630A5CEA1BE93BEF003292EE /* YMSSLProvider.h in Headers */,
				630A5CF71BE9518A003292EE /* YMSession.h in Headers */,
				630A5D171BE9777C003292EE /* YMmDNSBrowser.h in Headers */,
				630A5CEE1BE9428C003292EE /* YMmDNSService.h in Headers */,
				63225D651BE90A6400C28F05 /* YMSecurityProvider.h in Headers */,
			);
			runOnlyForDeploymentPostprocessing = 0;
		};
/* End PBXHeadersBuildPhase section */

/* Begin PBXNativeTarget section */
		630A5CFF1BE96CE9003292EE /* YammerTests */ = {
			isa = PBXNativeTarget;
			buildConfigurationList = 630A5D081BE96CE9003292EE /* Build configuration list for PBXNativeTarget "YammerTests" */;
			buildPhases = (
				630A5CFC1BE96CE9003292EE /* Sources */,
				630A5CFD1BE96CE9003292EE /* Frameworks */,
				630A5CFE1BE96CE9003292EE /* Resources */,
			);
			buildRules = (
			);
			dependencies = (
				630A5D071BE96CE9003292EE /* PBXTargetDependency */,
			);
			name = YammerTests;
			productName = YammerTests;
			productReference = 630A5D001BE96CE9003292EE /* YammerTests.xctest */;
			productType = "com.apple.product-type.bundle.unit-test";
		};
		63225D411BE9026200C28F05 /* yammer */ = {
			isa = PBXNativeTarget;
			buildConfigurationList = 63225D461BE9026200C28F05 /* Build configuration list for PBXNativeTarget "yammer" */;
			buildPhases = (
				63225D3E1BE9026200C28F05 /* Sources */,
				63225D3F1BE9026200C28F05 /* Frameworks */,
				63225D401BE9026200C28F05 /* Headers */,
			);
			buildRules = (
			);
			dependencies = (
			);
			name = yammer;
			productName = yammer;
			productReference = 63225D421BE9026200C28F05 /* libyammer.dylib */;
			productType = "com.apple.product-type.library.dynamic";
		};
/* End PBXNativeTarget section */

/* Begin PBXProject section */
		63225D3A1BE9026200C28F05 /* Project object */ = {
			isa = PBXProject;
			attributes = {
				LastUpgradeCheck = 0710;
				ORGANIZATIONNAME = "Combobulated Software";
				TargetAttributes = {
					630A5CFF1BE96CE9003292EE = {
						CreatedOnToolsVersion = 7.1;
					};
					63225D411BE9026200C28F05 = {
						CreatedOnToolsVersion = 7.1;
					};
				};
			};
			buildConfigurationList = 63225D3D1BE9026200C28F05 /* Build configuration list for PBXProject "yammer" */;
			compatibilityVersion = "Xcode 3.2";
			developmentRegion = English;
			hasScannedForEncodings = 0;
			knownRegions = (
				en,
			);
			mainGroup = 63225D391BE9026200C28F05;
			productRefGroup = 63225D431BE9026200C28F05 /* Products */;
			projectDirPath = "";
			projectRoot = "";
			targets = (
				63225D411BE9026200C28F05 /* yammer */,
				630A5CFF1BE96CE9003292EE /* YammerTests */,
			);
		};
/* End PBXProject section */

/* Begin PBXResourcesBuildPhase section */
		630A5CFE1BE96CE9003292EE /* Resources */ = {
			isa = PBXResourcesBuildPhase;
			buildActionMask = 2147483647;
			files = (
			);
			runOnlyForDeploymentPostprocessing = 0;
		};
/* End PBXResourcesBuildPhase section */

/* Begin PBXSourcesBuildPhase section */
		630A5CFC1BE96CE9003292EE /* Sources */ = {
			isa = PBXSourcesBuildPhase;
			buildActionMask = 2147483647;
			files = (
				630A5D031BE96CE9003292EE /* YammerTests.m in Sources */,
				63476A3F1BEAE54100D10081 /* mDNSTests.m in Sources */,
			);
			runOnlyForDeploymentPostprocessing = 0;
		};
		63225D3E1BE9026200C28F05 /* Sources */ = {
			isa = PBXSourcesBuildPhase;
			buildActionMask = 2147483647;
			files = (
				63225D6D1BE91B3B00C28F05 /* YMLog.c in Sources */,
				630A5CFA1BE95E36003292EE /* YMThreads.c in Sources */,
				63225D981BE92B6000C28F05 /* YMBase.c in Sources */,
				630A5D1C1BE98199003292EE /* YMmDNS.c in Sources */,
				630A5D161BE9777C003292EE /* YMmDNSBrowser.c in Sources */,
				63225D691BE9184000C28F05 /* YMIO.c in Sources */,
				63225D601BE909BB00C28F05 /* YMPlexer.c in Sources */,
				63225D541BE9074700C28F05 /* YMPipe.c in Sources */,
				630A5CF21BE950F1003292EE /* YMConnection.c in Sources */,
				630A5CED1BE9428C003292EE /* YMmDNSService.c in Sources */,
				630A5CF61BE9518A003292EE /* YMSession.c in Sources */,
				630A5CE91BE93BEF003292EE /* YMSSLProvider.c in Sources */,
				63225D641BE90A6400C28F05 /* YMSecurityProvider.c in Sources */,
				63225D5C1BE9092500C28F05 /* YMStream.c in Sources */,
			);
			runOnlyForDeploymentPostprocessing = 0;
		};
/* End PBXSourcesBuildPhase section */

/* Begin PBXTargetDependency section */
		630A5D071BE96CE9003292EE /* PBXTargetDependency */ = {
			isa = PBXTargetDependency;
			target = 63225D411BE9026200C28F05 /* yammer */;
			targetProxy = 630A5D061BE96CE9003292EE /* PBXContainerItemProxy */;
		};
/* End PBXTargetDependency section */

/* Begin XCBuildConfiguration section */
		630A5D091BE96CE9003292EE /* Debug */ = {
			isa = XCBuildConfiguration;
			buildSettings = {
				COMBINE_HIDPI_IMAGES = YES;
				INFOPLIST_FILE = YammerTests/Info.plist;
				LD_RUNPATH_SEARCH_PATHS = "$(inherited) @executable_path/../Frameworks @loader_path/../Frameworks";
				PRODUCT_BUNDLE_IDENTIFIER = com.combobulated.YammerTests;
				PRODUCT_NAME = "$(TARGET_NAME)";
			};
			name = Debug;
		};
		630A5D0A1BE96CE9003292EE /* Release */ = {
			isa = XCBuildConfiguration;
			buildSettings = {
				COMBINE_HIDPI_IMAGES = YES;
				INFOPLIST_FILE = YammerTests/Info.plist;
				LD_RUNPATH_SEARCH_PATHS = "$(inherited) @executable_path/../Frameworks @loader_path/../Frameworks";
				PRODUCT_BUNDLE_IDENTIFIER = com.combobulated.YammerTests;
				PRODUCT_NAME = "$(TARGET_NAME)";
			};
			name = Release;
		};
		63225D441BE9026200C28F05 /* Debug */ = {
			isa = XCBuildConfiguration;
			buildSettings = {
				ALWAYS_SEARCH_USER_PATHS = NO;
				CLANG_CXX_LANGUAGE_STANDARD = "gnu++0x";
				CLANG_CXX_LIBRARY = "libc++";
				CLANG_ENABLE_MODULES = YES;
				CLANG_ENABLE_OBJC_ARC = YES;
				CLANG_WARN_BOOL_CONVERSION = YES;
				CLANG_WARN_CONSTANT_CONVERSION = YES;
				CLANG_WARN_DIRECT_OBJC_ISA_USAGE = YES_ERROR;
				CLANG_WARN_EMPTY_BODY = YES;
				CLANG_WARN_ENUM_CONVERSION = YES;
				CLANG_WARN_INT_CONVERSION = YES;
				CLANG_WARN_OBJC_ROOT_CLASS = YES_ERROR;
				CLANG_WARN_UNREACHABLE_CODE = YES;
				CLANG_WARN__DUPLICATE_METHOD_MATCH = YES;
				CODE_SIGN_IDENTITY = "-";
				COPY_PHASE_STRIP = NO;
				DEBUG_INFORMATION_FORMAT = dwarf;
				ENABLE_STRICT_OBJC_MSGSEND = YES;
				ENABLE_TESTABILITY = YES;
				GCC_C_LANGUAGE_STANDARD = gnu99;
				GCC_DYNAMIC_NO_PIC = NO;
				GCC_NO_COMMON_BLOCKS = YES;
				GCC_OPTIMIZATION_LEVEL = 0;
				GCC_PREPROCESSOR_DEFINITIONS = (
					"DEBUG=1",
					"$(inherited)",
				);
				GCC_WARN_64_TO_32_BIT_CONVERSION = YES;
				GCC_WARN_ABOUT_RETURN_TYPE = YES_ERROR;
				GCC_WARN_UNDECLARED_SELECTOR = YES;
				GCC_WARN_UNINITIALIZED_AUTOS = YES_AGGRESSIVE;
				GCC_WARN_UNUSED_FUNCTION = YES;
				GCC_WARN_UNUSED_VARIABLE = YES;
				HEADER_SEARCH_PATHS = /opt/local/include;
				MACOSX_DEPLOYMENT_TARGET = 10.11;
				MTL_ENABLE_DEBUG_INFO = YES;
				ONLY_ACTIVE_ARCH = YES;
				SDKROOT = macosx;
			};
			name = Debug;
		};
		63225D451BE9026200C28F05 /* Release */ = {
			isa = XCBuildConfiguration;
			buildSettings = {
				ALWAYS_SEARCH_USER_PATHS = NO;
				CLANG_CXX_LANGUAGE_STANDARD = "gnu++0x";
				CLANG_CXX_LIBRARY = "libc++";
				CLANG_ENABLE_MODULES = YES;
				CLANG_ENABLE_OBJC_ARC = YES;
				CLANG_WARN_BOOL_CONVERSION = YES;
				CLANG_WARN_CONSTANT_CONVERSION = YES;
				CLANG_WARN_DIRECT_OBJC_ISA_USAGE = YES_ERROR;
				CLANG_WARN_EMPTY_BODY = YES;
				CLANG_WARN_ENUM_CONVERSION = YES;
				CLANG_WARN_INT_CONVERSION = YES;
				CLANG_WARN_OBJC_ROOT_CLASS = YES_ERROR;
				CLANG_WARN_UNREACHABLE_CODE = YES;
				CLANG_WARN__DUPLICATE_METHOD_MATCH = YES;
				CODE_SIGN_IDENTITY = "-";
				COPY_PHASE_STRIP = NO;
				DEBUG_INFORMATION_FORMAT = "dwarf-with-dsym";
				ENABLE_NS_ASSERTIONS = NO;
				ENABLE_STRICT_OBJC_MSGSEND = YES;
				GCC_C_LANGUAGE_STANDARD = gnu99;
				GCC_NO_COMMON_BLOCKS = YES;
				GCC_WARN_64_TO_32_BIT_CONVERSION = YES;
				GCC_WARN_ABOUT_RETURN_TYPE = YES_ERROR;
				GCC_WARN_UNDECLARED_SELECTOR = YES;
				GCC_WARN_UNINITIALIZED_AUTOS = YES_AGGRESSIVE;
				GCC_WARN_UNUSED_FUNCTION = YES;
				GCC_WARN_UNUSED_VARIABLE = YES;
				HEADER_SEARCH_PATHS = /opt/local/include;
				MACOSX_DEPLOYMENT_TARGET = 10.11;
				MTL_ENABLE_DEBUG_INFO = NO;
				SDKROOT = macosx;
			};
			name = Release;
		};
		63225D471BE9026200C28F05 /* Debug */ = {
			isa = XCBuildConfiguration;
			buildSettings = {
				DYLIB_COMPATIBILITY_VERSION = 1;
				DYLIB_CURRENT_VERSION = 1;
				EXECUTABLE_PREFIX = lib;
				LIBRARY_SEARCH_PATHS = (
					"$(inherited)",
					/opt/local/lib,
				);
				PRODUCT_NAME = "$(TARGET_NAME)";
			};
			name = Debug;
		};
		63225D481BE9026200C28F05 /* Release */ = {
			isa = XCBuildConfiguration;
			buildSettings = {
				DYLIB_COMPATIBILITY_VERSION = 1;
				DYLIB_CURRENT_VERSION = 1;
				EXECUTABLE_PREFIX = lib;
				LIBRARY_SEARCH_PATHS = (
					"$(inherited)",
					/opt/local/lib,
				);
				PRODUCT_NAME = "$(TARGET_NAME)";
			};
			name = Release;
		};
/* End XCBuildConfiguration section */

/* Begin XCConfigurationList section */
		630A5D081BE96CE9003292EE /* Build configuration list for PBXNativeTarget "YammerTests" */ = {
			isa = XCConfigurationList;
			buildConfigurations = (
				630A5D091BE96CE9003292EE /* Debug */,
				630A5D0A1BE96CE9003292EE /* Release */,
			);
			defaultConfigurationIsVisible = 0;
			defaultConfigurationName = Release;
		};
		63225D3D1BE9026200C28F05 /* Build configuration list for PBXProject "yammer" */ = {
			isa = XCConfigurationList;
			buildConfigurations = (
				63225D441BE9026200C28F05 /* Debug */,
				63225D451BE9026200C28F05 /* Release */,
			);
			defaultConfigurationIsVisible = 0;
			defaultConfigurationName = Release;
		};
		63225D461BE9026200C28F05 /* Build configuration list for PBXNativeTarget "yammer" */ = {
			isa = XCConfigurationList;
			buildConfigurations = (
				63225D471BE9026200C28F05 /* Debug */,
				63225D481BE9026200C28F05 /* Release */,
			);
			defaultConfigurationIsVisible = 0;
			defaultConfigurationName = Release;
		};
/* End XCConfigurationList section */
	};
	rootObject = 63225D3A1BE9026200C28F05 /* Project object */;
}
