// !$*UTF8*$!
{
	archiveVersion = 1;
	classes = {
	};
	objectVersion = 46;
	objects = {

/* Begin PBXBuildFile section */
		6307F77E1BECA44A009C64CD /* YMStreamPriv.h in Headers */ = {isa = PBXBuildFile; fileRef = 6307F77D1BECA44A009C64CD /* YMStreamPriv.h */; };
		630A5CE91BE93BEF003292EE /* YMTLSProvider.c in Sources */ = {isa = PBXBuildFile; fileRef = 630A5CE71BE93BEF003292EE /* YMTLSProvider.c */; };
		630A5CEA1BE93BEF003292EE /* YMTLSProvider.h in Headers */ = {isa = PBXBuildFile; fileRef = 630A5CE81BE93BEF003292EE /* YMTLSProvider.h */; };
		630A5CED1BE9428C003292EE /* YMmDNSService.c in Sources */ = {isa = PBXBuildFile; fileRef = 630A5CEB1BE9428C003292EE /* YMmDNSService.c */; };
		630A5CEE1BE9428C003292EE /* YMmDNSService.h in Headers */ = {isa = PBXBuildFile; fileRef = 630A5CEC1BE9428C003292EE /* YMmDNSService.h */; };
		630A5CF21BE950F1003292EE /* YMConnection.c in Sources */ = {isa = PBXBuildFile; fileRef = 630A5CF01BE950F1003292EE /* YMConnection.c */; };
		630A5CF31BE950F1003292EE /* YMConnection.h in Headers */ = {isa = PBXBuildFile; fileRef = 630A5CF11BE950F1003292EE /* YMConnection.h */; };
		630A5CF61BE9518A003292EE /* YMSession.c in Sources */ = {isa = PBXBuildFile; fileRef = 630A5CF41BE9518A003292EE /* YMSession.c */; };
		630A5CF71BE9518A003292EE /* YMSession.h in Headers */ = {isa = PBXBuildFile; fileRef = 630A5CF51BE9518A003292EE /* YMSession.h */; };
		630A5CFA1BE95E36003292EE /* YMThread.c in Sources */ = {isa = PBXBuildFile; fileRef = 630A5CF81BE95E36003292EE /* YMThread.c */; };
		630A5CFB1BE95E36003292EE /* YMThread.h in Headers */ = {isa = PBXBuildFile; fileRef = 630A5CF91BE95E36003292EE /* YMThread.h */; };
		630A5D031BE96CE9003292EE /* YammerTests.m in Sources */ = {isa = PBXBuildFile; fileRef = 630A5D021BE96CE9003292EE /* YammerTests.m */; };
		630A5D051BE96CE9003292EE /* libyammer.dylib in Frameworks */ = {isa = PBXBuildFile; fileRef = 63225D421BE9026200C28F05 /* libyammer.dylib */; };
		630A5D161BE9777C003292EE /* YMmDNSBrowser.c in Sources */ = {isa = PBXBuildFile; fileRef = 630A5D141BE9777C003292EE /* YMmDNSBrowser.c */; };
		630A5D171BE9777C003292EE /* YMmDNSBrowser.h in Headers */ = {isa = PBXBuildFile; fileRef = 630A5D151BE9777C003292EE /* YMmDNSBrowser.h */; };
		630A5D1C1BE98199003292EE /* YMmDNS.c in Sources */ = {isa = PBXBuildFile; fileRef = 630A5D1B1BE98199003292EE /* YMmDNS.c */; };
		631683941BEEF1FB00F6AB99 /* DictionaryTests.m in Sources */ = {isa = PBXBuildFile; fileRef = 631683931BEEF1FB00F6AB99 /* DictionaryTests.m */; };
		63225D541BE9074700C28F05 /* YMPipe.c in Sources */ = {isa = PBXBuildFile; fileRef = 63225D521BE9074700C28F05 /* YMPipe.c */; };
		63225D551BE9074700C28F05 /* YMPipe.h in Headers */ = {isa = PBXBuildFile; fileRef = 63225D531BE9074700C28F05 /* YMPipe.h */; };
		63225D5C1BE9092500C28F05 /* YMStream.c in Sources */ = {isa = PBXBuildFile; fileRef = 63225D5A1BE9092500C28F05 /* YMStream.c */; };
		63225D5D1BE9092500C28F05 /* YMStream.h in Headers */ = {isa = PBXBuildFile; fileRef = 63225D5B1BE9092500C28F05 /* YMStream.h */; };
		63225D601BE909BB00C28F05 /* YMPlexer.c in Sources */ = {isa = PBXBuildFile; fileRef = 63225D5E1BE909BB00C28F05 /* YMPlexer.c */; };
		63225D611BE909BB00C28F05 /* YMPlexer.h in Headers */ = {isa = PBXBuildFile; fileRef = 63225D5F1BE909BB00C28F05 /* YMPlexer.h */; };
		63225D641BE90A6400C28F05 /* YMSecurityProvider.c in Sources */ = {isa = PBXBuildFile; fileRef = 63225D621BE90A6400C28F05 /* YMSecurityProvider.c */; };
		63225D651BE90A6400C28F05 /* YMSecurityProvider.h in Headers */ = {isa = PBXBuildFile; fileRef = 63225D631BE90A6400C28F05 /* YMSecurityProvider.h */; };
		63225D691BE9184000C28F05 /* YMUtilities.c in Sources */ = {isa = PBXBuildFile; fileRef = 63225D671BE9184000C28F05 /* YMUtilities.c */; };
		63225D6A1BE9184000C28F05 /* YMUtilities.h in Headers */ = {isa = PBXBuildFile; fileRef = 63225D681BE9184000C28F05 /* YMUtilities.h */; };
		63225D6D1BE91B3B00C28F05 /* YMLog.c in Sources */ = {isa = PBXBuildFile; fileRef = 63225D6B1BE91B3B00C28F05 /* YMLog.c */; };
		63225D6E1BE91B3B00C28F05 /* YMLog.h in Headers */ = {isa = PBXBuildFile; fileRef = 63225D6C1BE91B3B00C28F05 /* YMLog.h */; };
		63225D981BE92B6000C28F05 /* YMBase.c in Sources */ = {isa = PBXBuildFile; fileRef = 63225D971BE92B6000C28F05 /* YMBase.c */; };
		63225D9E1BE9372800C28F05 /* libssl.1.0.0.dylib in Frameworks */ = {isa = PBXBuildFile; fileRef = 63225D9D1BE9372800C28F05 /* libssl.1.0.0.dylib */; };
		63476A3F1BEAE54100D10081 /* mDNSTests.m in Sources */ = {isa = PBXBuildFile; fileRef = 63476A3E1BEAE54100D10081 /* mDNSTests.m */; };
		63476A411BEAEFC500D10081 /* PlexerTests.m in Sources */ = {isa = PBXBuildFile; fileRef = 63476A401BEAEFC500D10081 /* PlexerTests.m */; };
		63476A441BEAF4DB00D10081 /* YMLock.c in Sources */ = {isa = PBXBuildFile; fileRef = 63476A421BEAF4DB00D10081 /* YMLock.c */; };
		63476A451BEAF4DB00D10081 /* YMLock.h in Headers */ = {isa = PBXBuildFile; fileRef = 63476A431BEAF4DB00D10081 /* YMLock.h */; };
		63476A4B1BEB074C00D10081 /* YMLinkedList.c in Sources */ = {isa = PBXBuildFile; fileRef = 63476A491BEB074C00D10081 /* YMLinkedList.c */; };
		63476A4C1BEB074C00D10081 /* YMLinkedList.h in Headers */ = {isa = PBXBuildFile; fileRef = 63476A4A1BEB074C00D10081 /* YMLinkedList.h */; };
		63476A4F1BEB159C00D10081 /* YMDictionary.c in Sources */ = {isa = PBXBuildFile; fileRef = 63476A4D1BEB159C00D10081 /* YMDictionary.c */; };
		63476A501BEB159C00D10081 /* YMDictionary.h in Headers */ = {isa = PBXBuildFile; fileRef = 63476A4E1BEB159C00D10081 /* YMDictionary.h */; };
		63476A531BEB319000D10081 /* YMSemaphore.c in Sources */ = {isa = PBXBuildFile; fileRef = 63476A511BEB319000D10081 /* YMSemaphore.c */; };
		63476A541BEB319000D10081 /* YMSemaphore.h in Headers */ = {isa = PBXBuildFile; fileRef = 63476A521BEB319000D10081 /* YMSemaphore.h */; };
		637E3D5D1BF262EE00D702ED /* YMX509Certificate.c in Sources */ = {isa = PBXBuildFile; fileRef = 637E3D5B1BF262EE00D702ED /* YMX509Certificate.c */; };
		637E3D5E1BF262EE00D702ED /* YMX509Certificate.h in Headers */ = {isa = PBXBuildFile; fileRef = 637E3D5C1BF262EE00D702ED /* YMX509Certificate.h */; };
		637E3D611BF2CD7300D702ED /* TLSTests.m in Sources */ = {isa = PBXBuildFile; fileRef = 637E3D601BF2CD7300D702ED /* TLSTests.m */; };
		63FD5B5A1BF1899800174824 /* YMRSAKeyPair.c in Sources */ = {isa = PBXBuildFile; fileRef = 63FD5B581BF1899800174824 /* YMRSAKeyPair.c */; };
		63FD5B5B1BF1899800174824 /* YMRSAKeyPair.h in Headers */ = {isa = PBXBuildFile; fileRef = 63FD5B591BF1899800174824 /* YMRSAKeyPair.h */; };
		63FD5B5D1BF1B93400174824 /* libcrypto.tbd in Frameworks */ = {isa = PBXBuildFile; fileRef = 63FD5B5C1BF1B93400174824 /* libcrypto.tbd */; };
		63FD5B5F1BF1B94A00174824 /* CryptoTests.m in Sources */ = {isa = PBXBuildFile; fileRef = 63FD5B5E1BF1B94A00174824 /* CryptoTests.m */; };
/* End PBXBuildFile section */

/* Begin PBXContainerItemProxy section */
		630A5D061BE96CE9003292EE /* PBXContainerItemProxy */ = {
			isa = PBXContainerItemProxy;
			containerPortal = 63225D3A1BE9026200C28F05 /* Project object */;
			proxyType = 1;
			remoteGlobalIDString = 63225D411BE9026200C28F05;
			remoteInfo = yammer;
		};
/* End PBXContainerItemProxy section */

/* Begin PBXFileReference section */
		6307F77D1BECA44A009C64CD /* YMStreamPriv.h */ = {isa = PBXFileReference; fileEncoding = 4; lastKnownFileType = sourcecode.c.h; name = YMStreamPriv.h; path = src/YMStreamPriv.h; sourceTree = "<group>"; };
		630A5CE71BE93BEF003292EE /* YMTLSProvider.c */ = {isa = PBXFileReference; fileEncoding = 4; lastKnownFileType = sourcecode.c.c; name = YMTLSProvider.c; path = src/YMTLSProvider.c; sourceTree = "<group>"; };
		630A5CE81BE93BEF003292EE /* YMTLSProvider.h */ = {isa = PBXFileReference; fileEncoding = 4; lastKnownFileType = sourcecode.c.h; name = YMTLSProvider.h; path = src/YMTLSProvider.h; sourceTree = "<group>"; };
		630A5CEB1BE9428C003292EE /* YMmDNSService.c */ = {isa = PBXFileReference; fileEncoding = 4; lastKnownFileType = sourcecode.c.c; name = YMmDNSService.c; path = src/YMmDNSService.c; sourceTree = "<group>"; };
		630A5CEC1BE9428C003292EE /* YMmDNSService.h */ = {isa = PBXFileReference; fileEncoding = 4; lastKnownFileType = sourcecode.c.h; name = YMmDNSService.h; path = src/YMmDNSService.h; sourceTree = "<group>"; };
		630A5CF01BE950F1003292EE /* YMConnection.c */ = {isa = PBXFileReference; fileEncoding = 4; lastKnownFileType = sourcecode.c.c; name = YMConnection.c; path = src/YMConnection.c; sourceTree = "<group>"; };
		630A5CF11BE950F1003292EE /* YMConnection.h */ = {isa = PBXFileReference; fileEncoding = 4; lastKnownFileType = sourcecode.c.h; name = YMConnection.h; path = src/YMConnection.h; sourceTree = "<group>"; };
		630A5CF41BE9518A003292EE /* YMSession.c */ = {isa = PBXFileReference; fileEncoding = 4; lastKnownFileType = sourcecode.c.c; name = YMSession.c; path = src/YMSession.c; sourceTree = "<group>"; };
		630A5CF51BE9518A003292EE /* YMSession.h */ = {isa = PBXFileReference; fileEncoding = 4; lastKnownFileType = sourcecode.c.h; name = YMSession.h; path = src/YMSession.h; sourceTree = "<group>"; };
		630A5CF81BE95E36003292EE /* YMThread.c */ = {isa = PBXFileReference; fileEncoding = 4; lastKnownFileType = sourcecode.c.c; name = YMThread.c; path = src/YMThread.c; sourceTree = "<group>"; };
		630A5CF91BE95E36003292EE /* YMThread.h */ = {isa = PBXFileReference; fileEncoding = 4; lastKnownFileType = sourcecode.c.h; name = YMThread.h; path = src/YMThread.h; sourceTree = "<group>"; };
		630A5D001BE96CE9003292EE /* YammerTests.xctest */ = {isa = PBXFileReference; explicitFileType = wrapper.cfbundle; includeInIndex = 0; path = YammerTests.xctest; sourceTree = BUILT_PRODUCTS_DIR; };
		630A5D021BE96CE9003292EE /* YammerTests.m */ = {isa = PBXFileReference; lastKnownFileType = sourcecode.c.objc; path = YammerTests.m; sourceTree = "<group>"; };
		630A5D041BE96CE9003292EE /* Info.plist */ = {isa = PBXFileReference; lastKnownFileType = text.plist.xml; path = Info.plist; sourceTree = "<group>"; };
		630A5D0B1BE96D6E003292EE /* Yammer.h */ = {isa = PBXFileReference; lastKnownFileType = sourcecode.c.h; name = Yammer.h; path = src/Yammer.h; sourceTree = "<group>"; };
		630A5D141BE9777C003292EE /* YMmDNSBrowser.c */ = {isa = PBXFileReference; fileEncoding = 4; lastKnownFileType = sourcecode.c.c; name = YMmDNSBrowser.c; path = src/YMmDNSBrowser.c; sourceTree = "<group>"; };
		630A5D151BE9777C003292EE /* YMmDNSBrowser.h */ = {isa = PBXFileReference; fileEncoding = 4; lastKnownFileType = sourcecode.c.h; name = YMmDNSBrowser.h; path = src/YMmDNSBrowser.h; sourceTree = "<group>"; };
		630A5D1A1BE97D5A003292EE /* YMmDNS.h */ = {isa = PBXFileReference; lastKnownFileType = sourcecode.c.h; name = YMmDNS.h; path = src/YMmDNS.h; sourceTree = "<group>"; };
		630A5D1B1BE98199003292EE /* YMmDNS.c */ = {isa = PBXFileReference; fileEncoding = 4; lastKnownFileType = sourcecode.c.c; name = YMmDNS.c; path = src/YMmDNS.c; sourceTree = "<group>"; };
		631683931BEEF1FB00F6AB99 /* DictionaryTests.m */ = {isa = PBXFileReference; fileEncoding = 4; lastKnownFileType = sourcecode.c.objc; path = DictionaryTests.m; sourceTree = "<group>"; };
		63225D421BE9026200C28F05 /* libyammer.dylib */ = {isa = PBXFileReference; explicitFileType = "compiled.mach-o.dylib"; includeInIndex = 0; path = libyammer.dylib; sourceTree = BUILT_PRODUCTS_DIR; };
		63225D521BE9074700C28F05 /* YMPipe.c */ = {isa = PBXFileReference; fileEncoding = 4; lastKnownFileType = sourcecode.c.c; name = YMPipe.c; path = src/YMPipe.c; sourceTree = "<group>"; };
		63225D531BE9074700C28F05 /* YMPipe.h */ = {isa = PBXFileReference; fileEncoding = 4; lastKnownFileType = sourcecode.c.h; name = YMPipe.h; path = src/YMPipe.h; sourceTree = "<group>"; };
		63225D5A1BE9092500C28F05 /* YMStream.c */ = {isa = PBXFileReference; fileEncoding = 4; lastKnownFileType = sourcecode.c.c; name = YMStream.c; path = src/YMStream.c; sourceTree = "<group>"; };
		63225D5B1BE9092500C28F05 /* YMStream.h */ = {isa = PBXFileReference; fileEncoding = 4; lastKnownFileType = sourcecode.c.h; name = YMStream.h; path = src/YMStream.h; sourceTree = "<group>"; };
		63225D5E1BE909BB00C28F05 /* YMPlexer.c */ = {isa = PBXFileReference; fileEncoding = 4; lastKnownFileType = sourcecode.c.c; name = YMPlexer.c; path = src/YMPlexer.c; sourceTree = "<group>"; };
		63225D5F1BE909BB00C28F05 /* YMPlexer.h */ = {isa = PBXFileReference; fileEncoding = 4; lastKnownFileType = sourcecode.c.h; name = YMPlexer.h; path = src/YMPlexer.h; sourceTree = "<group>"; };
		63225D621BE90A6400C28F05 /* YMSecurityProvider.c */ = {isa = PBXFileReference; fileEncoding = 4; lastKnownFileType = sourcecode.c.c; name = YMSecurityProvider.c; path = src/YMSecurityProvider.c; sourceTree = "<group>"; };
		63225D631BE90A6400C28F05 /* YMSecurityProvider.h */ = {isa = PBXFileReference; fileEncoding = 4; lastKnownFileType = sourcecode.c.h; name = YMSecurityProvider.h; path = src/YMSecurityProvider.h; sourceTree = "<group>"; };
		63225D661BE90B2D00C28F05 /* YMBase.h */ = {isa = PBXFileReference; lastKnownFileType = sourcecode.c.h; name = YMBase.h; path = src/YMBase.h; sourceTree = "<group>"; };
		63225D671BE9184000C28F05 /* YMUtilities.c */ = {isa = PBXFileReference; fileEncoding = 4; lastKnownFileType = sourcecode.c.c; name = YMUtilities.c; path = src/YMUtilities.c; sourceTree = "<group>"; };
		63225D681BE9184000C28F05 /* YMUtilities.h */ = {isa = PBXFileReference; fileEncoding = 4; lastKnownFileType = sourcecode.c.h; name = YMUtilities.h; path = src/YMUtilities.h; sourceTree = "<group>"; };
		63225D6B1BE91B3B00C28F05 /* YMLog.c */ = {isa = PBXFileReference; fileEncoding = 4; lastKnownFileType = sourcecode.c.c; name = YMLog.c; path = src/YMLog.c; sourceTree = "<group>"; };
		63225D6C1BE91B3B00C28F05 /* YMLog.h */ = {isa = PBXFileReference; fileEncoding = 4; lastKnownFileType = sourcecode.c.h; name = YMLog.h; path = src/YMLog.h; sourceTree = "<group>"; };
		63225D971BE92B6000C28F05 /* YMBase.c */ = {isa = PBXFileReference; fileEncoding = 4; lastKnownFileType = sourcecode.c.c; name = YMBase.c; path = src/YMBase.c; sourceTree = "<group>"; };
		63225D991BE92CBA00C28F05 /* YMPrivate.h */ = {isa = PBXFileReference; lastKnownFileType = sourcecode.c.h; name = YMPrivate.h; path = src/YMPrivate.h; sourceTree = "<group>"; };
		63225D9D1BE9372800C28F05 /* libssl.1.0.0.dylib */ = {isa = PBXFileReference; lastKnownFileType = "compiled.mach-o.dylib"; name = libssl.1.0.0.dylib; path = /opt/local/lib/libssl.1.0.0.dylib; sourceTree = "<absolute>"; };
		6332A4B91BEFCDCF004BB764 /* YammerTests.h */ = {isa = PBXFileReference; lastKnownFileType = sourcecode.c.h; path = YammerTests.h; sourceTree = "<group>"; };
		6332A4BA1BF12C12004BB764 /* lldb_source.sh */ = {isa = PBXFileReference; lastKnownFileType = text.script.sh; path = lldb_source.sh; sourceTree = "<group>"; };
		6332A4BB1BF134DD004BB764 /* PrefixHeader.pch */ = {isa = PBXFileReference; lastKnownFileType = sourcecode.c.h; name = PrefixHeader.pch; path = src/PrefixHeader.pch; sourceTree = "<group>"; };
		63476A3E1BEAE54100D10081 /* mDNSTests.m */ = {isa = PBXFileReference; fileEncoding = 4; lastKnownFileType = sourcecode.c.objc; path = mDNSTests.m; sourceTree = "<group>"; };
		63476A401BEAEFC500D10081 /* PlexerTests.m */ = {isa = PBXFileReference; fileEncoding = 4; lastKnownFileType = sourcecode.c.objc; path = PlexerTests.m; sourceTree = "<group>"; };
		63476A421BEAF4DB00D10081 /* YMLock.c */ = {isa = PBXFileReference; fileEncoding = 4; lastKnownFileType = sourcecode.c.c; name = YMLock.c; path = src/YMLock.c; sourceTree = "<group>"; };
		63476A431BEAF4DB00D10081 /* YMLock.h */ = {isa = PBXFileReference; fileEncoding = 4; lastKnownFileType = sourcecode.c.h; name = YMLock.h; path = src/YMLock.h; sourceTree = "<group>"; };
		63476A491BEB074C00D10081 /* YMLinkedList.c */ = {isa = PBXFileReference; fileEncoding = 4; lastKnownFileType = sourcecode.c.c; name = YMLinkedList.c; path = src/YMLinkedList.c; sourceTree = "<group>"; };
		63476A4A1BEB074C00D10081 /* YMLinkedList.h */ = {isa = PBXFileReference; fileEncoding = 4; lastKnownFileType = sourcecode.c.h; name = YMLinkedList.h; path = src/YMLinkedList.h; sourceTree = "<group>"; };
		63476A4D1BEB159C00D10081 /* YMDictionary.c */ = {isa = PBXFileReference; fileEncoding = 4; lastKnownFileType = sourcecode.c.c; lineEnding = 0; name = YMDictionary.c; path = src/YMDictionary.c; sourceTree = "<group>"; xcLanguageSpecificationIdentifier = xcode.lang.c; };
		63476A4E1BEB159C00D10081 /* YMDictionary.h */ = {isa = PBXFileReference; fileEncoding = 4; lastKnownFileType = sourcecode.c.h; name = YMDictionary.h; path = src/YMDictionary.h; sourceTree = "<group>"; };
		63476A511BEB319000D10081 /* YMSemaphore.c */ = {isa = PBXFileReference; fileEncoding = 4; lastKnownFileType = sourcecode.c.c; name = YMSemaphore.c; path = src/YMSemaphore.c; sourceTree = "<group>"; };
		63476A521BEB319000D10081 /* YMSemaphore.h */ = {isa = PBXFileReference; fileEncoding = 4; lastKnownFileType = sourcecode.c.h; name = YMSemaphore.h; path = src/YMSemaphore.h; sourceTree = "<group>"; };
		637E3D5B1BF262EE00D702ED /* YMX509Certificate.c */ = {isa = PBXFileReference; fileEncoding = 4; lastKnownFileType = sourcecode.c.c; name = YMX509Certificate.c; path = src/YMX509Certificate.c; sourceTree = "<group>"; };
		637E3D5C1BF262EE00D702ED /* YMX509Certificate.h */ = {isa = PBXFileReference; fileEncoding = 4; lastKnownFileType = sourcecode.c.h; name = YMX509Certificate.h; path = src/YMX509Certificate.h; sourceTree = "<group>"; };
		637E3D5F1BF2680B00D702ED /* YMOpenssl.h */ = {isa = PBXFileReference; lastKnownFileType = sourcecode.c.h; name = YMOpenssl.h; path = src/YMOpenssl.h; sourceTree = "<group>"; };
		637E3D601BF2CD7300D702ED /* TLSTests.m */ = {isa = PBXFileReference; fileEncoding = 4; lastKnownFileType = sourcecode.c.objc; path = TLSTests.m; sourceTree = "<group>"; };
		63A40EF81BEC239C0085ABD0 /* YMThreadPriv.h */ = {isa = PBXFileReference; lastKnownFileType = sourcecode.c.h; name = YMThreadPriv.h; path = src/YMThreadPriv.h; sourceTree = "<group>"; };
		63FD5B581BF1899800174824 /* YMRSAKeyPair.c */ = {isa = PBXFileReference; fileEncoding = 4; lastKnownFileType = sourcecode.c.c; name = YMRSAKeyPair.c; path = src/YMRSAKeyPair.c; sourceTree = "<group>"; };
		63FD5B591BF1899800174824 /* YMRSAKeyPair.h */ = {isa = PBXFileReference; fileEncoding = 4; lastKnownFileType = sourcecode.c.h; name = YMRSAKeyPair.h; path = src/YMRSAKeyPair.h; sourceTree = "<group>"; };
		63FD5B5C1BF1B93400174824 /* libcrypto.tbd */ = {isa = PBXFileReference; lastKnownFileType = "sourcecode.text-based-dylib-definition"; name = libcrypto.tbd; path = usr/lib/libcrypto.tbd; sourceTree = SDKROOT; };
		63FD5B5E1BF1B94A00174824 /* CryptoTests.m */ = {isa = PBXFileReference; fileEncoding = 4; lastKnownFileType = sourcecode.c.objc; path = CryptoTests.m; sourceTree = "<group>"; };
/* End PBXFileReference section */

/* Begin PBXFrameworksBuildPhase section */
		630A5CFD1BE96CE9003292EE /* Frameworks */ = {
			isa = PBXFrameworksBuildPhase;
			buildActionMask = 2147483647;
			files = (
				630A5D051BE96CE9003292EE /* libyammer.dylib in Frameworks */,
			);
			runOnlyForDeploymentPostprocessing = 0;
		};
		63225D3F1BE9026200C28F05 /* Frameworks */ = {
			isa = PBXFrameworksBuildPhase;
			buildActionMask = 2147483647;
			files = (
				63FD5B5D1BF1B93400174824 /* libcrypto.tbd in Frameworks */,
				63225D9E1BE9372800C28F05 /* libssl.1.0.0.dylib in Frameworks */,
			);
			runOnlyForDeploymentPostprocessing = 0;
		};
/* End PBXFrameworksBuildPhase section */

/* Begin PBXGroup section */
		630A5D011BE96CE9003292EE /* YammerTests */ = {
			isa = PBXGroup;
			children = (
				6332A4B91BEFCDCF004BB764 /* YammerTests.h */,
				630A5D021BE96CE9003292EE /* YammerTests.m */,
				63476A3E1BEAE54100D10081 /* mDNSTests.m */,
				630A5D041BE96CE9003292EE /* Info.plist */,
				63476A401BEAEFC500D10081 /* PlexerTests.m */,
				631683931BEEF1FB00F6AB99 /* DictionaryTests.m */,
				63FD5B5E1BF1B94A00174824 /* CryptoTests.m */,
				6332A4BA1BF12C12004BB764 /* lldb_source.sh */,
				637E3D601BF2CD7300D702ED /* TLSTests.m */,
			);
			path = YammerTests;
			sourceTree = "<group>";
		};
		63225D391BE9026200C28F05 = {
			isa = PBXGroup;
			children = (
				63FD5B5C1BF1B93400174824 /* libcrypto.tbd */,
				63225D9C1BE9314100C28F05 /* libs */,
				63225D491BE9027000C28F05 /* src */,
				630A5D011BE96CE9003292EE /* YammerTests */,
				63225D431BE9026200C28F05 /* Products */,
			);
			sourceTree = "<group>";
		};
		63225D431BE9026200C28F05 /* Products */ = {
			isa = PBXGroup;
			children = (
				63225D421BE9026200C28F05 /* libyammer.dylib */,
				630A5D001BE96CE9003292EE /* YammerTests.xctest */,
			);
			name = Products;
			sourceTree = "<group>";
		};
		63225D491BE9027000C28F05 /* src */ = {
			isa = PBXGroup;
			children = (
				6332A4BB1BF134DD004BB764 /* PrefixHeader.pch */,
				63476A471BEB05B400D10081 /* API */,
				63476A481BEB05DC00D10081 /* Private */,
				63476A461BEAF4E900D10081 /* Utility */,
			);
			name = src;
			sourceTree = "<group>";
		};
		63225D9C1BE9314100C28F05 /* libs */ = {
			isa = PBXGroup;
			children = (
				63225D9D1BE9372800C28F05 /* libssl.1.0.0.dylib */,
			);
			name = libs;
			sourceTree = "<group>";
		};
		63476A461BEAF4E900D10081 /* Utility */ = {
			isa = PBXGroup;
			children = (
				630A5CF91BE95E36003292EE /* YMThread.h */,
				63A40EF81BEC239C0085ABD0 /* YMThreadPriv.h */,
				630A5CF81BE95E36003292EE /* YMThread.c */,
				63225D531BE9074700C28F05 /* YMPipe.h */,
				63225D521BE9074700C28F05 /* YMPipe.c */,
				63225D681BE9184000C28F05 /* YMUtilities.h */,
				63225D671BE9184000C28F05 /* YMUtilities.c */,
				63476A431BEAF4DB00D10081 /* YMLock.h */,
				63476A421BEAF4DB00D10081 /* YMLock.c */,
				63476A4A1BEB074C00D10081 /* YMLinkedList.h */,
				63476A491BEB074C00D10081 /* YMLinkedList.c */,
				63476A4E1BEB159C00D10081 /* YMDictionary.h */,
				63476A4D1BEB159C00D10081 /* YMDictionary.c */,
				63476A521BEB319000D10081 /* YMSemaphore.h */,
				63476A511BEB319000D10081 /* YMSemaphore.c */,
			);
			name = Utility;
			sourceTree = "<group>";
		};
		63476A471BEB05B400D10081 /* API */ = {
			isa = PBXGroup;
			children = (
				63225D661BE90B2D00C28F05 /* YMBase.h */,
				63225D971BE92B6000C28F05 /* YMBase.c */,
				630A5D0B1BE96D6E003292EE /* Yammer.h */,
				63225D5B1BE9092500C28F05 /* YMStream.h */,
				6307F77D1BECA44A009C64CD /* YMStreamPriv.h */,
				63225D5A1BE9092500C28F05 /* YMStream.c */,
				63225D631BE90A6400C28F05 /* YMSecurityProvider.h */,
				63225D621BE90A6400C28F05 /* YMSecurityProvider.c */,
				630A5CE81BE93BEF003292EE /* YMTLSProvider.h */,
				630A5CE71BE93BEF003292EE /* YMTLSProvider.c */,
				630A5CF11BE950F1003292EE /* YMConnection.h */,
				630A5CF01BE950F1003292EE /* YMConnection.c */,
				630A5CF51BE9518A003292EE /* YMSession.h */,
				630A5CF41BE9518A003292EE /* YMSession.c */,
			);
			name = API;
			sourceTree = "<group>";
		};
		63476A481BEB05DC00D10081 /* Private */ = {
			isa = PBXGroup;
			children = (
				63225D991BE92CBA00C28F05 /* YMPrivate.h */,
				63225D5F1BE909BB00C28F05 /* YMPlexer.h */,
				63225D5E1BE909BB00C28F05 /* YMPlexer.c */,
				63225D6C1BE91B3B00C28F05 /* YMLog.h */,
				63225D6B1BE91B3B00C28F05 /* YMLog.c */,
				630A5D1A1BE97D5A003292EE /* YMmDNS.h */,
				630A5D1B1BE98199003292EE /* YMmDNS.c */,
				630A5D151BE9777C003292EE /* YMmDNSBrowser.h */,
				630A5D141BE9777C003292EE /* YMmDNSBrowser.c */,
				630A5CEC1BE9428C003292EE /* YMmDNSService.h */,
				630A5CEB1BE9428C003292EE /* YMmDNSService.c */,
				637E3D5F1BF2680B00D702ED /* YMOpenssl.h */,
				63FD5B591BF1899800174824 /* YMRSAKeyPair.h */,
				63FD5B581BF1899800174824 /* YMRSAKeyPair.c */,
				637E3D5C1BF262EE00D702ED /* YMX509Certificate.h */,
				637E3D5B1BF262EE00D702ED /* YMX509Certificate.c */,
			);
			name = Private;
			sourceTree = "<group>";
		};
/* End PBXGroup section */

/* Begin PBXHeadersBuildPhase section */
		63225D401BE9026200C28F05 /* Headers */ = {
			isa = PBXHeadersBuildPhase;
			buildActionMask = 2147483647;
			files = (
				63476A451BEAF4DB00D10081 /* YMLock.h in Headers */,
				630A5CF31BE950F1003292EE /* YMConnection.h in Headers */,
				63225D6A1BE9184000C28F05 /* YMUtilities.h in Headers */,
				63476A501BEB159C00D10081 /* YMDictionary.h in Headers */,
				630A5CFB1BE95E36003292EE /* YMThread.h in Headers */,
				637E3D5E1BF262EE00D702ED /* YMX509Certificate.h in Headers */,
				63225D5D1BE9092500C28F05 /* YMStream.h in Headers */,
				63476A4C1BEB074C00D10081 /* YMLinkedList.h in Headers */,
				63225D611BE909BB00C28F05 /* YMPlexer.h in Headers */,
				63225D6E1BE91B3B00C28F05 /* YMLog.h in Headers */,
				63225D551BE9074700C28F05 /* YMPipe.h in Headers */,
				630A5CEA1BE93BEF003292EE /* YMTLSProvider.h in Headers */,
				630A5CF71BE9518A003292EE /* YMSession.h in Headers */,
				6307F77E1BECA44A009C64CD /* YMStreamPriv.h in Headers */,
				630A5D171BE9777C003292EE /* YMmDNSBrowser.h in Headers */,
				63476A541BEB319000D10081 /* YMSemaphore.h in Headers */,
				63FD5B5B1BF1899800174824 /* YMRSAKeyPair.h in Headers */,
				630A5CEE1BE9428C003292EE /* YMmDNSService.h in Headers */,
				63225D651BE90A6400C28F05 /* YMSecurityProvider.h in Headers */,
			);
			runOnlyForDeploymentPostprocessing = 0;
		};
/* End PBXHeadersBuildPhase section */

/* Begin PBXNativeTarget section */
		630A5CFF1BE96CE9003292EE /* YammerTests */ = {
			isa = PBXNativeTarget;
			buildConfigurationList = 630A5D081BE96CE9003292EE /* Build configuration list for PBXNativeTarget "YammerTests" */;
			buildPhases = (
				630A5CFC1BE96CE9003292EE /* Sources */,
				630A5CFD1BE96CE9003292EE /* Frameworks */,
				630A5CFE1BE96CE9003292EE /* Resources */,
			);
			buildRules = (
			);
			dependencies = (
				630A5D071BE96CE9003292EE /* PBXTargetDependency */,
			);
			name = YammerTests;
			productName = YammerTests;
			productReference = 630A5D001BE96CE9003292EE /* YammerTests.xctest */;
			productType = "com.apple.product-type.bundle.unit-test";
		};
		63225D411BE9026200C28F05 /* yammer */ = {
			isa = PBXNativeTarget;
			buildConfigurationList = 63225D461BE9026200C28F05 /* Build configuration list for PBXNativeTarget "yammer" */;
			buildPhases = (
				63225D3E1BE9026200C28F05 /* Sources */,
				63225D3F1BE9026200C28F05 /* Frameworks */,
				63225D401BE9026200C28F05 /* Headers */,
			);
			buildRules = (
			);
			dependencies = (
			);
			name = yammer;
			productName = yammer;
			productReference = 63225D421BE9026200C28F05 /* libyammer.dylib */;
			productType = "com.apple.product-type.library.dynamic";
		};
/* End PBXNativeTarget section */

/* Begin PBXProject section */
		63225D3A1BE9026200C28F05 /* Project object */ = {
			isa = PBXProject;
			attributes = {
				LastUpgradeCheck = 0710;
				ORGANIZATIONNAME = "Combobulated Software";
				TargetAttributes = {
					630A5CFF1BE96CE9003292EE = {
						CreatedOnToolsVersion = 7.1;
					};
					63225D411BE9026200C28F05 = {
						CreatedOnToolsVersion = 7.1;
					};
				};
			};
			buildConfigurationList = 63225D3D1BE9026200C28F05 /* Build configuration list for PBXProject "yammer" */;
			compatibilityVersion = "Xcode 3.2";
			developmentRegion = English;
			hasScannedForEncodings = 0;
			knownRegions = (
				en,
			);
			mainGroup = 63225D391BE9026200C28F05;
			productRefGroup = 63225D431BE9026200C28F05 /* Products */;
			projectDirPath = "";
			projectRoot = "";
			targets = (
				63225D411BE9026200C28F05 /* yammer */,
				630A5CFF1BE96CE9003292EE /* YammerTests */,
			);
		};
/* End PBXProject section */

/* Begin PBXResourcesBuildPhase section */
		630A5CFE1BE96CE9003292EE /* Resources */ = {
			isa = PBXResourcesBuildPhase;
			buildActionMask = 2147483647;
			files = (
			);
			runOnlyForDeploymentPostprocessing = 0;
		};
/* End PBXResourcesBuildPhase section */

/* Begin PBXSourcesBuildPhase section */
		630A5CFC1BE96CE9003292EE /* Sources */ = {
			isa = PBXSourcesBuildPhase;
			buildActionMask = 2147483647;
			files = (
				630A5D031BE96CE9003292EE /* YammerTests.m in Sources */,
				637E3D611BF2CD7300D702ED /* TLSTests.m in Sources */,
				631683941BEEF1FB00F6AB99 /* DictionaryTests.m in Sources */,
				63476A411BEAEFC500D10081 /* PlexerTests.m in Sources */,
				63FD5B5F1BF1B94A00174824 /* CryptoTests.m in Sources */,
				63476A3F1BEAE54100D10081 /* mDNSTests.m in Sources */,
			);
			runOnlyForDeploymentPostprocessing = 0;
		};
		63225D3E1BE9026200C28F05 /* Sources */ = {
			isa = PBXSourcesBuildPhase;
			buildActionMask = 2147483647;
			files = (
				63225D6D1BE91B3B00C28F05 /* YMLog.c in Sources */,
				630A5CFA1BE95E36003292EE /* YMThread.c in Sources */,
				63225D981BE92B6000C28F05 /* YMBase.c in Sources */,
				630A5D1C1BE98199003292EE /* YMmDNS.c in Sources */,
				63FD5B5A1BF1899800174824 /* YMRSAKeyPair.c in Sources */,
				630A5D161BE9777C003292EE /* YMmDNSBrowser.c in Sources */,
				63225D691BE9184000C28F05 /* YMUtilities.c in Sources */,
				63476A531BEB319000D10081 /* YMSemaphore.c in Sources */,
				63476A441BEAF4DB00D10081 /* YMLock.c in Sources */,
				63225D601BE909BB00C28F05 /* YMPlexer.c in Sources */,
				63476A4B1BEB074C00D10081 /* YMLinkedList.c in Sources */,
				637E3D5D1BF262EE00D702ED /* YMX509Certificate.c in Sources */,
				63225D541BE9074700C28F05 /* YMPipe.c in Sources */,
				630A5CF21BE950F1003292EE /* YMConnection.c in Sources */,
				630A5CED1BE9428C003292EE /* YMmDNSService.c in Sources */,
				630A5CF61BE9518A003292EE /* YMSession.c in Sources */,
				630A5CE91BE93BEF003292EE /* YMTLSProvider.c in Sources */,
				63225D641BE90A6400C28F05 /* YMSecurityProvider.c in Sources */,
				63476A4F1BEB159C00D10081 /* YMDictionary.c in Sources */,
				63225D5C1BE9092500C28F05 /* YMStream.c in Sources */,
			);
			runOnlyForDeploymentPostprocessing = 0;
		};
/* End PBXSourcesBuildPhase section */

/* Begin PBXTargetDependency section */
		630A5D071BE96CE9003292EE /* PBXTargetDependency */ = {
			isa = PBXTargetDependency;
			target = 63225D411BE9026200C28F05 /* yammer */;
			targetProxy = 630A5D061BE96CE9003292EE /* PBXContainerItemProxy */;
		};
/* End PBXTargetDependency section */

/* Begin XCBuildConfiguration section */
		630A5D091BE96CE9003292EE /* Debug */ = {
			isa = XCBuildConfiguration;
			buildSettings = {
				CLANG_WARN_SUSPICIOUS_IMPLICIT_CONVERSION = NO;
				COMBINE_HIDPI_IMAGES = YES;
				GCC_PREFIX_HEADER = src/PrefixHeader.pch;
				GCC_WARN_UNUSED_PARAMETER = NO;
				INFOPLIST_FILE = YammerTests/Info.plist;
				LD_RUNPATH_SEARCH_PATHS = "$(inherited) @executable_path/../Frameworks @loader_path/../Frameworks";
				PRODUCT_BUNDLE_IDENTIFIER = com.combobulated.YammerTests;
				PRODUCT_NAME = "$(TARGET_NAME)";
			};
			name = Debug;
		};
		630A5D0A1BE96CE9003292EE /* Release */ = {
			isa = XCBuildConfiguration;
			buildSettings = {
				CLANG_WARN_SUSPICIOUS_IMPLICIT_CONVERSION = NO;
				COMBINE_HIDPI_IMAGES = YES;
				GCC_PREFIX_HEADER = src/PrefixHeader.pch;
				GCC_WARN_UNUSED_PARAMETER = NO;
				INFOPLIST_FILE = YammerTests/Info.plist;
				LD_RUNPATH_SEARCH_PATHS = "$(inherited) @executable_path/../Frameworks @loader_path/../Frameworks";
				PRODUCT_BUNDLE_IDENTIFIER = com.combobulated.YammerTests;
				PRODUCT_NAME = "$(TARGET_NAME)";
			};
			name = Release;
		};
		63225D441BE9026200C28F05 /* Debug */ = {
			isa = XCBuildConfiguration;
			buildSettings = {
				ALWAYS_SEARCH_USER_PATHS = NO;
				CLANG_CXX_LANGUAGE_STANDARD = "gnu++0x";
				CLANG_CXX_LIBRARY = "libc++";
				CLANG_ENABLE_MODULES = YES;
				CLANG_ENABLE_OBJC_ARC = YES;
				CLANG_WARN_ASSIGN_ENUM = YES;
				CLANG_WARN_BOOL_CONVERSION = YES;
				CLANG_WARN_CONSTANT_CONVERSION = YES;
				CLANG_WARN_DIRECT_OBJC_ISA_USAGE = YES_ERROR;
				CLANG_WARN_EMPTY_BODY = YES;
				CLANG_WARN_ENUM_CONVERSION = YES;
				CLANG_WARN_INT_CONVERSION = YES;
				CLANG_WARN_NULLABLE_TO_NONNULL_CONVERSION = YES;
				CLANG_WARN_OBJC_ROOT_CLASS = YES_ERROR;
				CLANG_WARN_SUSPICIOUS_IMPLICIT_CONVERSION = YES;
				CLANG_WARN_UNREACHABLE_CODE = YES;
				CLANG_WARN__DUPLICATE_METHOD_MATCH = YES;
				CODE_SIGN_IDENTITY = "-";
				COPY_PHASE_STRIP = NO;
				DEBUG_INFORMATION_FORMAT = dwarf;
				ENABLE_STRICT_OBJC_MSGSEND = YES;
				ENABLE_TESTABILITY = YES;
				GCC_C_LANGUAGE_STANDARD = gnu99;
				GCC_DYNAMIC_NO_PIC = NO;
				GCC_NO_COMMON_BLOCKS = YES;
				GCC_OPTIMIZATION_LEVEL = 0;
				GCC_PREFIX_HEADER = src/PrefixHeader.pch;
				GCC_PREPROCESSOR_DEFINITIONS = (
					"DEBUG=1",
					"$(inherited)",
				);
				GCC_TREAT_INCOMPATIBLE_POINTER_TYPE_WARNINGS_AS_ERRORS = YES;
				GCC_WARN_64_TO_32_BIT_CONVERSION = YES;
				GCC_WARN_ABOUT_MISSING_FIELD_INITIALIZERS = YES;
				GCC_WARN_ABOUT_MISSING_NEWLINE = YES;
				GCC_WARN_ABOUT_RETURN_TYPE = YES_ERROR;
				GCC_WARN_INITIALIZER_NOT_FULLY_BRACKETED = YES;
				GCC_WARN_SHADOW = YES;
				GCC_WARN_SIGN_COMPARE = YES;
				GCC_WARN_UNDECLARED_SELECTOR = YES;
				GCC_WARN_UNINITIALIZED_AUTOS = YES_AGGRESSIVE;
				GCC_WARN_UNUSED_FUNCTION = YES;
				GCC_WARN_UNUSED_PARAMETER = YES;
				GCC_WARN_UNUSED_VARIABLE = YES;
				HEADER_SEARCH_PATHS = /opt/local/include;
				MACOSX_DEPLOYMENT_TARGET = 10.11;
				MTL_ENABLE_DEBUG_INFO = YES;
				ONLY_ACTIVE_ARCH = YES;
				SDKROOT = macosx;
			};
			name = Debug;
		};
		63225D451BE9026200C28F05 /* Release */ = {
			isa = XCBuildConfiguration;
			buildSettings = {
				ALWAYS_SEARCH_USER_PATHS = NO;
				CLANG_CXX_LANGUAGE_STANDARD = "gnu++0x";
				CLANG_CXX_LIBRARY = "libc++";
				CLANG_ENABLE_MODULES = YES;
				CLANG_ENABLE_OBJC_ARC = YES;
				CLANG_WARN_ASSIGN_ENUM = YES;
				CLANG_WARN_BOOL_CONVERSION = YES;
				CLANG_WARN_CONSTANT_CONVERSION = YES;
				CLANG_WARN_DIRECT_OBJC_ISA_USAGE = YES_ERROR;
				CLANG_WARN_EMPTY_BODY = YES;
				CLANG_WARN_ENUM_CONVERSION = YES;
				CLANG_WARN_INT_CONVERSION = YES;
				CLANG_WARN_NULLABLE_TO_NONNULL_CONVERSION = YES;
				CLANG_WARN_OBJC_ROOT_CLASS = YES_ERROR;
				CLANG_WARN_SUSPICIOUS_IMPLICIT_CONVERSION = YES;
				CLANG_WARN_UNREACHABLE_CODE = YES;
				CLANG_WARN__DUPLICATE_METHOD_MATCH = YES;
				CODE_SIGN_IDENTITY = "-";
				COPY_PHASE_STRIP = NO;
				DEBUG_INFORMATION_FORMAT = "dwarf-with-dsym";
				ENABLE_NS_ASSERTIONS = NO;
				ENABLE_STRICT_OBJC_MSGSEND = YES;
				GCC_C_LANGUAGE_STANDARD = gnu99;
				GCC_NO_COMMON_BLOCKS = YES;
				GCC_PREFIX_HEADER = src/PrefixHeader.pch;
				GCC_TREAT_INCOMPATIBLE_POINTER_TYPE_WARNINGS_AS_ERRORS = YES;
				GCC_WARN_64_TO_32_BIT_CONVERSION = YES;
				GCC_WARN_ABOUT_MISSING_FIELD_INITIALIZERS = YES;
				GCC_WARN_ABOUT_MISSING_NEWLINE = YES;
				GCC_WARN_ABOUT_RETURN_TYPE = YES_ERROR;
				GCC_WARN_INITIALIZER_NOT_FULLY_BRACKETED = YES;
				GCC_WARN_SHADOW = YES;
				GCC_WARN_SIGN_COMPARE = YES;
				GCC_WARN_UNDECLARED_SELECTOR = YES;
				GCC_WARN_UNINITIALIZED_AUTOS = YES_AGGRESSIVE;
				GCC_WARN_UNUSED_FUNCTION = YES;
				GCC_WARN_UNUSED_PARAMETER = YES;
				GCC_WARN_UNUSED_VARIABLE = YES;
				HEADER_SEARCH_PATHS = /opt/local/include;
				MACOSX_DEPLOYMENT_TARGET = 10.11;
				MTL_ENABLE_DEBUG_INFO = NO;
				SDKROOT = macosx;
			};
			name = Release;
		};
		63225D471BE9026200C28F05 /* Debug */ = {
			isa = XCBuildConfiguration;
			buildSettings = {
				CLANG_ENABLE_MODULES = NO;
				CLANG_ENABLE_MODULE_DEBUGGING = NO;
				DYLIB_COMPATIBILITY_VERSION = 1;
				DYLIB_CURRENT_VERSION = 1;
				ENABLE_NS_ASSERTIONS = YES;
				EXECUTABLE_PREFIX = lib;
				GCC_PREFIX_HEADER = src/PrefixHeader.pch;
				GCC_PREPROCESSOR_DEFINITIONS = (
					"$(inherited)",
					"YM_TEST_BOOL_USE=1",
				);
				GCC_TREAT_WARNINGS_AS_ERRORS = YES;
				GCC_WARN_ABOUT_MISSING_FIELD_INITIALIZERS = YES;
				LIBRARY_SEARCH_PATHS = (
					"$(inherited)",
					/opt/local/lib,
				);
				PRODUCT_NAME = "$(TARGET_NAME)";
				WARNING_CFLAGS = "-Wall";
			};
			name = Debug;
		};
		63225D481BE9026200C28F05 /* Release */ = {
			isa = XCBuildConfiguration;
			buildSettings = {
				CLANG_ENABLE_MODULES = NO;
				CLANG_ENABLE_MODULE_DEBUGGING = NO;
				DYLIB_COMPATIBILITY_VERSION = 1;
				DYLIB_CURRENT_VERSION = 1;
				ENABLE_NS_ASSERTIONS = YES;
				EXECUTABLE_PREFIX = lib;
				GCC_PREFIX_HEADER = src/PrefixHeader.pch;
				GCC_TREAT_WARNINGS_AS_ERRORS = YES;
				GCC_WARN_ABOUT_MISSING_FIELD_INITIALIZERS = YES;
				LIBRARY_SEARCH_PATHS = (
					"$(inherited)",
					/opt/local/lib,
				);
				PRODUCT_NAME = "$(TARGET_NAME)";
				WARNING_CFLAGS = "-Wall";
			};
			name = Release;
		};
/* End XCBuildConfiguration section */

/* Begin XCConfigurationList section */
		630A5D081BE96CE9003292EE /* Build configuration list for PBXNativeTarget "YammerTests" */ = {
			isa = XCConfigurationList;
			buildConfigurations = (
				630A5D091BE96CE9003292EE /* Debug */,
				630A5D0A1BE96CE9003292EE /* Release */,
			);
			defaultConfigurationIsVisible = 0;
			defaultConfigurationName = Release;
		};
		63225D3D1BE9026200C28F05 /* Build configuration list for PBXProject "yammer" */ = {
			isa = XCConfigurationList;
			buildConfigurations = (
				63225D441BE9026200C28F05 /* Debug */,
				63225D451BE9026200C28F05 /* Release */,
			);
			defaultConfigurationIsVisible = 0;
			defaultConfigurationName = Release;
		};
		63225D461BE9026200C28F05 /* Build configuration list for PBXNativeTarget "yammer" */ = {
			isa = XCConfigurationList;
			buildConfigurations = (
				63225D471BE9026200C28F05 /* Debug */,
				63225D481BE9026200C28F05 /* Release */,
			);
			defaultConfigurationIsVisible = 0;
			defaultConfigurationName = Release;
		};
/* End XCConfigurationList section */
	};
	rootObject = 63225D3A1BE9026200C28F05 /* Project object */;
}
