// !$*UTF8*$!
{
	archiveVersion = 1;
	classes = {
	};
	objectVersion = 46;
	objects = {

/* Begin PBXBuildFile section */
		63225D541BE9074700C28F05 /* YMPipe.c in Sources */ = {isa = PBXBuildFile; fileRef = 63225D521BE9074700C28F05 /* YMPipe.c */; };
		63225D551BE9074700C28F05 /* YMPipe.h in Headers */ = {isa = PBXBuildFile; fileRef = 63225D531BE9074700C28F05 /* YMPipe.h */; };
		63225D5C1BE9092500C28F05 /* YMStream.c in Sources */ = {isa = PBXBuildFile; fileRef = 63225D5A1BE9092500C28F05 /* YMStream.c */; };
		63225D5D1BE9092500C28F05 /* YMStream.h in Headers */ = {isa = PBXBuildFile; fileRef = 63225D5B1BE9092500C28F05 /* YMStream.h */; };
		63225D601BE909BB00C28F05 /* YMPlexer.c in Sources */ = {isa = PBXBuildFile; fileRef = 63225D5E1BE909BB00C28F05 /* YMPlexer.c */; };
		63225D611BE909BB00C28F05 /* YMPlexer.h in Headers */ = {isa = PBXBuildFile; fileRef = 63225D5F1BE909BB00C28F05 /* YMPlexer.h */; };
		63225D641BE90A6400C28F05 /* YMSecurityProvider.c in Sources */ = {isa = PBXBuildFile; fileRef = 63225D621BE90A6400C28F05 /* YMSecurityProvider.c */; };
		63225D651BE90A6400C28F05 /* YMSecurityProvider.h in Headers */ = {isa = PBXBuildFile; fileRef = 63225D631BE90A6400C28F05 /* YMSecurityProvider.h */; };
		63225D691BE9184000C28F05 /* YMIO.c in Sources */ = {isa = PBXBuildFile; fileRef = 63225D671BE9184000C28F05 /* YMIO.c */; };
		63225D6A1BE9184000C28F05 /* YMIO.h in Headers */ = {isa = PBXBuildFile; fileRef = 63225D681BE9184000C28F05 /* YMIO.h */; };
		63225D6D1BE91B3B00C28F05 /* YMLog.c in Sources */ = {isa = PBXBuildFile; fileRef = 63225D6B1BE91B3B00C28F05 /* YMLog.c */; };
		63225D6E1BE91B3B00C28F05 /* YMLog.h in Headers */ = {isa = PBXBuildFile; fileRef = 63225D6C1BE91B3B00C28F05 /* YMLog.h */; };
/* End PBXBuildFile section */

/* Begin PBXFileReference section */
		63225D421BE9026200C28F05 /* libyammer.dylib */ = {isa = PBXFileReference; explicitFileType = "compiled.mach-o.dylib"; includeInIndex = 0; path = libyammer.dylib; sourceTree = BUILT_PRODUCTS_DIR; };
		63225D521BE9074700C28F05 /* YMPipe.c */ = {isa = PBXFileReference; fileEncoding = 4; lastKnownFileType = sourcecode.c.c; name = YMPipe.c; path = src/YMPipe.c; sourceTree = "<group>"; };
		63225D531BE9074700C28F05 /* YMPipe.h */ = {isa = PBXFileReference; fileEncoding = 4; lastKnownFileType = sourcecode.c.h; name = YMPipe.h; path = src/YMPipe.h; sourceTree = "<group>"; };
		63225D5A1BE9092500C28F05 /* YMStream.c */ = {isa = PBXFileReference; fileEncoding = 4; lastKnownFileType = sourcecode.c.c; name = YMStream.c; path = src/YMStream.c; sourceTree = "<group>"; };
		63225D5B1BE9092500C28F05 /* YMStream.h */ = {isa = PBXFileReference; fileEncoding = 4; lastKnownFileType = sourcecode.c.h; name = YMStream.h; path = src/YMStream.h; sourceTree = "<group>"; };
		63225D5E1BE909BB00C28F05 /* YMPlexer.c */ = {isa = PBXFileReference; fileEncoding = 4; lastKnownFileType = sourcecode.c.c; name = YMPlexer.c; path = src/YMPlexer.c; sourceTree = "<group>"; };
		63225D5F1BE909BB00C28F05 /* YMPlexer.h */ = {isa = PBXFileReference; fileEncoding = 4; lastKnownFileType = sourcecode.c.h; name = YMPlexer.h; path = src/YMPlexer.h; sourceTree = "<group>"; };
		63225D621BE90A6400C28F05 /* YMSecurityProvider.c */ = {isa = PBXFileReference; fileEncoding = 4; lastKnownFileType = sourcecode.c.c; name = YMSecurityProvider.c; path = src/YMSecurityProvider.c; sourceTree = "<group>"; };
		63225D631BE90A6400C28F05 /* YMSecurityProvider.h */ = {isa = PBXFileReference; fileEncoding = 4; lastKnownFileType = sourcecode.c.h; name = YMSecurityProvider.h; path = src/YMSecurityProvider.h; sourceTree = "<group>"; };
		63225D661BE90B2D00C28F05 /* YMBase.h */ = {isa = PBXFileReference; lastKnownFileType = sourcecode.c.h; name = YMBase.h; path = src/YMBase.h; sourceTree = "<group>"; };
		63225D671BE9184000C28F05 /* YMIO.c */ = {isa = PBXFileReference; fileEncoding = 4; lastKnownFileType = sourcecode.c.c; name = YMIO.c; path = src/YMIO.c; sourceTree = "<group>"; };
		63225D681BE9184000C28F05 /* YMIO.h */ = {isa = PBXFileReference; fileEncoding = 4; lastKnownFileType = sourcecode.c.h; name = YMIO.h; path = src/YMIO.h; sourceTree = "<group>"; };
		63225D6B1BE91B3B00C28F05 /* YMLog.c */ = {isa = PBXFileReference; fileEncoding = 4; lastKnownFileType = sourcecode.c.c; name = YMLog.c; path = src/YMLog.c; sourceTree = "<group>"; };
		63225D6C1BE91B3B00C28F05 /* YMLog.h */ = {isa = PBXFileReference; fileEncoding = 4; lastKnownFileType = sourcecode.c.h; name = YMLog.h; path = src/YMLog.h; sourceTree = "<group>"; };
/* End PBXFileReference section */

/* Begin PBXFrameworksBuildPhase section */
		63225D3F1BE9026200C28F05 /* Frameworks */ = {
			isa = PBXFrameworksBuildPhase;
			buildActionMask = 2147483647;
			files = (
			);
			runOnlyForDeploymentPostprocessing = 0;
		};
/* End PBXFrameworksBuildPhase section */

/* Begin PBXGroup section */
		63225D391BE9026200C28F05 = {
			isa = PBXGroup;
			children = (
				63225D491BE9027000C28F05 /* src */,
				63225D431BE9026200C28F05 /* Products */,
			);
			sourceTree = "<group>";
		};
		63225D431BE9026200C28F05 /* Products */ = {
			isa = PBXGroup;
			children = (
				63225D421BE9026200C28F05 /* libyammer.dylib */,
			);
			name = Products;
			sourceTree = "<group>";
		};
		63225D491BE9027000C28F05 /* src */ = {
			isa = PBXGroup;
			children = (
				63225D5B1BE9092500C28F05 /* YMStream.h */,
				63225D5A1BE9092500C28F05 /* YMStream.c */,
				63225D531BE9074700C28F05 /* YMPipe.h */,
				63225D521BE9074700C28F05 /* YMPipe.c */,
				63225D5F1BE909BB00C28F05 /* YMPlexer.h */,
				63225D5E1BE909BB00C28F05 /* YMPlexer.c */,
				63225D631BE90A6400C28F05 /* YMSecurityProvider.h */,
				63225D621BE90A6400C28F05 /* YMSecurityProvider.c */,
				63225D661BE90B2D00C28F05 /* YMBase.h */,
				63225D671BE9184000C28F05 /* YMIO.c */,
				63225D681BE9184000C28F05 /* YMIO.h */,
				63225D6C1BE91B3B00C28F05 /* YMLog.h */,
				63225D6B1BE91B3B00C28F05 /* YMLog.c */,
			);
			name = src;
			sourceTree = "<group>";
		};
/* End PBXGroup section */

/* Begin PBXHeadersBuildPhase section */
		63225D401BE9026200C28F05 /* Headers */ = {
			isa = PBXHeadersBuildPhase;
			buildActionMask = 2147483647;
			files = (
				63225D6A1BE9184000C28F05 /* YMIO.h in Headers */,
				63225D5D1BE9092500C28F05 /* YMStream.h in Headers */,
				63225D611BE909BB00C28F05 /* YMPlexer.h in Headers */,
				63225D6E1BE91B3B00C28F05 /* YMLog.h in Headers */,
				63225D551BE9074700C28F05 /* YMPipe.h in Headers */,
				63225D651BE90A6400C28F05 /* YMSecurityProvider.h in Headers */,
			);
			runOnlyForDeploymentPostprocessing = 0;
		};
/* End PBXHeadersBuildPhase section */

/* Begin PBXNativeTarget section */
		63225D411BE9026200C28F05 /* yammer */ = {
			isa = PBXNativeTarget;
			buildConfigurationList = 63225D461BE9026200C28F05 /* Build configuration list for PBXNativeTarget "yammer" */;
			buildPhases = (
				63225D3E1BE9026200C28F05 /* Sources */,
				63225D3F1BE9026200C28F05 /* Frameworks */,
				63225D401BE9026200C28F05 /* Headers */,
			);
			buildRules = (
			);
			dependencies = (
			);
			name = yammer;
			productName = yammer;
			productReference = 63225D421BE9026200C28F05 /* libyammer.dylib */;
			productType = "com.apple.product-type.library.dynamic";
		};
/* End PBXNativeTarget section */

/* Begin PBXProject section */
		63225D3A1BE9026200C28F05 /* Project object */ = {
			isa = PBXProject;
			attributes = {
				LastUpgradeCheck = 0710;
				ORGANIZATIONNAME = "Combobulated Software";
				TargetAttributes = {
					63225D411BE9026200C28F05 = {
						CreatedOnToolsVersion = 7.1;
					};
				};
			};
			buildConfigurationList = 63225D3D1BE9026200C28F05 /* Build configuration list for PBXProject "yammer" */;
			compatibilityVersion = "Xcode 3.2";
			developmentRegion = English;
			hasScannedForEncodings = 0;
			knownRegions = (
				en,
			);
			mainGroup = 63225D391BE9026200C28F05;
			productRefGroup = 63225D431BE9026200C28F05 /* Products */;
			projectDirPath = "";
			projectRoot = "";
			targets = (
				63225D411BE9026200C28F05 /* yammer */,
			);
		};
/* End PBXProject section */

/* Begin PBXSourcesBuildPhase section */
		63225D3E1BE9026200C28F05 /* Sources */ = {
			isa = PBXSourcesBuildPhase;
			buildActionMask = 2147483647;
			files = (
				63225D6D1BE91B3B00C28F05 /* YMLog.c in Sources */,
				63225D691BE9184000C28F05 /* YMIO.c in Sources */,
				63225D601BE909BB00C28F05 /* YMPlexer.c in Sources */,
				63225D541BE9074700C28F05 /* YMPipe.c in Sources */,
				63225D641BE90A6400C28F05 /* YMSecurityProvider.c in Sources */,
				63225D5C1BE9092500C28F05 /* YMStream.c in Sources */,
			);
			runOnlyForDeploymentPostprocessing = 0;
		};
/* End PBXSourcesBuildPhase section */

/* Begin XCBuildConfiguration section */
		63225D441BE9026200C28F05 /* Debug */ = {
			isa = XCBuildConfiguration;
			buildSettings = {
				ALWAYS_SEARCH_USER_PATHS = NO;
				CLANG_CXX_LANGUAGE_STANDARD = "gnu++0x";
				CLANG_CXX_LIBRARY = "libc++";
				CLANG_ENABLE_MODULES = YES;
				CLANG_ENABLE_OBJC_ARC = YES;
				CLANG_WARN_BOOL_CONVERSION = YES;
				CLANG_WARN_CONSTANT_CONVERSION = YES;
				CLANG_WARN_DIRECT_OBJC_ISA_USAGE = YES_ERROR;
				CLANG_WARN_EMPTY_BODY = YES;
				CLANG_WARN_ENUM_CONVERSION = YES;
				CLANG_WARN_INT_CONVERSION = YES;
				CLANG_WARN_OBJC_ROOT_CLASS = YES_ERROR;
				CLANG_WARN_UNREACHABLE_CODE = YES;
				CLANG_WARN__DUPLICATE_METHOD_MATCH = YES;
				CODE_SIGN_IDENTITY = "-";
				COPY_PHASE_STRIP = NO;
				DEBUG_INFORMATION_FORMAT = dwarf;
				ENABLE_STRICT_OBJC_MSGSEND = YES;
				ENABLE_TESTABILITY = YES;
				GCC_C_LANGUAGE_STANDARD = gnu99;
				GCC_DYNAMIC_NO_PIC = NO;
				GCC_NO_COMMON_BLOCKS = YES;
				GCC_OPTIMIZATION_LEVEL = 0;
				GCC_PREPROCESSOR_DEFINITIONS = (
					"DEBUG=1",
					"$(inherited)",
				);
				GCC_WARN_64_TO_32_BIT_CONVERSION = YES;
				GCC_WARN_ABOUT_RETURN_TYPE = YES_ERROR;
				GCC_WARN_UNDECLARED_SELECTOR = YES;
				GCC_WARN_UNINITIALIZED_AUTOS = YES_AGGRESSIVE;
				GCC_WARN_UNUSED_FUNCTION = YES;
				GCC_WARN_UNUSED_VARIABLE = YES;
				MACOSX_DEPLOYMENT_TARGET = 10.11;
				MTL_ENABLE_DEBUG_INFO = YES;
				ONLY_ACTIVE_ARCH = YES;
				SDKROOT = macosx;
			};
			name = Debug;
		};
		63225D451BE9026200C28F05 /* Release */ = {
			isa = XCBuildConfiguration;
			buildSettings = {
				ALWAYS_SEARCH_USER_PATHS = NO;
				CLANG_CXX_LANGUAGE_STANDARD = "gnu++0x";
				CLANG_CXX_LIBRARY = "libc++";
				CLANG_ENABLE_MODULES = YES;
				CLANG_ENABLE_OBJC_ARC = YES;
				CLANG_WARN_BOOL_CONVERSION = YES;
				CLANG_WARN_CONSTANT_CONVERSION = YES;
				CLANG_WARN_DIRECT_OBJC_ISA_USAGE = YES_ERROR;
				CLANG_WARN_EMPTY_BODY = YES;
				CLANG_WARN_ENUM_CONVERSION = YES;
				CLANG_WARN_INT_CONVERSION = YES;
				CLANG_WARN_OBJC_ROOT_CLASS = YES_ERROR;
				CLANG_WARN_UNREACHABLE_CODE = YES;
				CLANG_WARN__DUPLICATE_METHOD_MATCH = YES;
				CODE_SIGN_IDENTITY = "-";
				COPY_PHASE_STRIP = NO;
				DEBUG_INFORMATION_FORMAT = "dwarf-with-dsym";
				ENABLE_NS_ASSERTIONS = NO;
				ENABLE_STRICT_OBJC_MSGSEND = YES;
				GCC_C_LANGUAGE_STANDARD = gnu99;
				GCC_NO_COMMON_BLOCKS = YES;
				GCC_WARN_64_TO_32_BIT_CONVERSION = YES;
				GCC_WARN_ABOUT_RETURN_TYPE = YES_ERROR;
				GCC_WARN_UNDECLARED_SELECTOR = YES;
				GCC_WARN_UNINITIALIZED_AUTOS = YES_AGGRESSIVE;
				GCC_WARN_UNUSED_FUNCTION = YES;
				GCC_WARN_UNUSED_VARIABLE = YES;
				MACOSX_DEPLOYMENT_TARGET = 10.11;
				MTL_ENABLE_DEBUG_INFO = NO;
				SDKROOT = macosx;
			};
			name = Release;
		};
		63225D471BE9026200C28F05 /* Debug */ = {
			isa = XCBuildConfiguration;
			buildSettings = {
				DYLIB_COMPATIBILITY_VERSION = 1;
				DYLIB_CURRENT_VERSION = 1;
				EXECUTABLE_PREFIX = lib;
				PRODUCT_NAME = "$(TARGET_NAME)";
			};
			name = Debug;
		};
		63225D481BE9026200C28F05 /* Release */ = {
			isa = XCBuildConfiguration;
			buildSettings = {
				DYLIB_COMPATIBILITY_VERSION = 1;
				DYLIB_CURRENT_VERSION = 1;
				EXECUTABLE_PREFIX = lib;
				PRODUCT_NAME = "$(TARGET_NAME)";
			};
			name = Release;
		};
/* End XCBuildConfiguration section */

/* Begin XCConfigurationList section */
		63225D3D1BE9026200C28F05 /* Build configuration list for PBXProject "yammer" */ = {
			isa = XCConfigurationList;
			buildConfigurations = (
				63225D441BE9026200C28F05 /* Debug */,
				63225D451BE9026200C28F05 /* Release */,
			);
			defaultConfigurationIsVisible = 0;
			defaultConfigurationName = Release;
		};
		63225D461BE9026200C28F05 /* Build configuration list for PBXNativeTarget "yammer" */ = {
			isa = XCConfigurationList;
			buildConfigurations = (
				63225D471BE9026200C28F05 /* Debug */,
				63225D481BE9026200C28F05 /* Release */,
			);
			defaultConfigurationIsVisible = 0;
			defaultConfigurationName = Release;
		};
/* End XCConfigurationList section */
	};
	rootObject = 63225D3A1BE9026200C28F05 /* Project object */;
}
