
Microsoft Visual Studio Solution File, Format Version 12.00
# Visual Studio 14
VisualStudioVersion = 14.0.23107.0
MinimumVisualStudioVersion = 10.0.40219.1
Project("{8BC9CEB8-8B4A-11D0-8D11-00A0C91BC942}") = "libyammer", "libyammer.vcxproj", "{36369923-A198-469B-B41B-65AD607E31C3}"
EndProject
Project("{8BC9CEB8-8B4A-11D0-8D11-00A0C91BC942}") = "chat", "chat\chat.vcxproj", "{4F667C61-32E6-4964-B0E3-20819566A015}"
	ProjectSection(ProjectDependencies) = postProject
		{36369923-A198-469B-B41B-65AD607E31C3} = {36369923-A198-469B-B41B-65AD607E31C3}
	EndProjectSection
EndProject
Project("{8BC9CEB8-8B4A-11D0-8D11-00A0C91BC942}") = "tests", "tests\tests.vcxproj", "{79C39751-4EE7-4E60-A57D-E5089CCA47FC}"
	ProjectSection(ProjectDependencies) = postProject
		{36369923-A198-469B-B41B-65AD607E31C3} = {36369923-A198-469B-B41B-65AD607E31C3}
	EndProjectSection
EndProject
Project("{8BC9CEB8-8B4A-11D0-8D11-00A0C91BC942}") = "ym-dispatch-main-test", "ym-dispatch-main-test\ym-dispatch-main-test.vcxproj", "{74222738-7433-4026-A978-37E259E74132}"
	ProjectSection(ProjectDependencies) = postProject
		{36369923-A198-469B-B41B-65AD607E31C3} = {36369923-A198-469B-B41B-65AD607E31C3}
		{79C39751-4EE7-4E60-A57D-E5089CCA47FC} = {79C39751-4EE7-4E60-A57D-E5089CCA47FC}
	EndProjectSection
EndProject
Global
	GlobalSection(SolutionConfigurationPlatforms) = preSolution
		Debug|x64 = Debug|x64
		Debug|x86 = Debug|x86
		Release|x64 = Release|x64
		Release|x86 = Release|x86
	EndGlobalSection
	GlobalSection(ProjectConfigurationPlatforms) = postSolution
		{36369923-A198-469B-B41B-65AD607E31C3}.Debug|x64.ActiveCfg = Debug|x64
		{36369923-A198-469B-B41B-65AD607E31C3}.Debug|x64.Build.0 = Debug|x64
		{36369923-A198-469B-B41B-65AD607E31C3}.Debug|x86.ActiveCfg = Debug|Win32
		{36369923-A198-469B-B41B-65AD607E31C3}.Debug|x86.Build.0 = Debug|Win32
		{36369923-A198-469B-B41B-65AD607E31C3}.Release|x64.ActiveCfg = Release|x64
		{36369923-A198-469B-B41B-65AD607E31C3}.Release|x64.Build.0 = Release|x64
		{36369923-A198-469B-B41B-65AD607E31C3}.Release|x86.ActiveCfg = Release|Win32
		{36369923-A198-469B-B41B-65AD607E31C3}.Release|x86.Build.0 = Release|Win32
		{4F667C61-32E6-4964-B0E3-20819566A015}.Debug|x64.ActiveCfg = Debug|x64
		{4F667C61-32E6-4964-B0E3-20819566A015}.Debug|x64.Build.0 = Debug|x64
		{4F667C61-32E6-4964-B0E3-20819566A015}.Debug|x86.ActiveCfg = Debug|Win32
		{4F667C61-32E6-4964-B0E3-20819566A015}.Debug|x86.Build.0 = Debug|Win32
		{4F667C61-32E6-4964-B0E3-20819566A015}.Release|x64.ActiveCfg = Release|x64
		{4F667C61-32E6-4964-B0E3-20819566A015}.Release|x64.Build.0 = Release|x64
		{4F667C61-32E6-4964-B0E3-20819566A015}.Release|x86.ActiveCfg = Release|Win32
		{4F667C61-32E6-4964-B0E3-20819566A015}.Release|x86.Build.0 = Release|Win32
		{79C39751-4EE7-4E60-A57D-E5089CCA47FC}.Debug|x64.ActiveCfg = Debug|x64
		{79C39751-4EE7-4E60-A57D-E5089CCA47FC}.Debug|x64.Build.0 = Debug|x64
		{79C39751-4EE7-4E60-A57D-E5089CCA47FC}.Debug|x86.ActiveCfg = Debug|Win32
		{79C39751-4EE7-4E60-A57D-E5089CCA47FC}.Debug|x86.Build.0 = Debug|Win32
		{79C39751-4EE7-4E60-A57D-E5089CCA47FC}.Release|x64.ActiveCfg = Release|x64
		{79C39751-4EE7-4E60-A57D-E5089CCA47FC}.Release|x64.Build.0 = Release|x64
		{79C39751-4EE7-4E60-A57D-E5089CCA47FC}.Release|x86.ActiveCfg = Release|Win32
		{79C39751-4EE7-4E60-A57D-E5089CCA47FC}.Release|x86.Build.0 = Release|Win32
		{74222738-7433-4026-A978-37E259E74132}.Debug|x64.ActiveCfg = Debug|x64
		{74222738-7433-4026-A978-37E259E74132}.Debug|x64.Build.0 = Debug|x64
		{74222738-7433-4026-A978-37E259E74132}.Debug|x86.ActiveCfg = Debug|Win32
		{74222738-7433-4026-A978-37E259E74132}.Debug|x86.Build.0 = Debug|Win32
		{74222738-7433-4026-A978-37E259E74132}.Release|x64.ActiveCfg = Release|x64
		{74222738-7433-4026-A978-37E259E74132}.Release|x64.Build.0 = Release|x64
		{74222738-7433-4026-A978-37E259E74132}.Release|x86.ActiveCfg = Release|Win32
		{74222738-7433-4026-A978-37E259E74132}.Release|x86.Build.0 = Release|Win32
	EndGlobalSection
	GlobalSection(SolutionProperties) = preSolution
		HideSolutionNode = FALSE
	EndGlobalSection
EndGlobal
