
Microsoft Visual Studio Solution File, Format Version 12.00
# Visual Studio 14
VisualStudioVersion = 14.0.23107.0
MinimumVisualStudioVersion = 10.0.40219.1
Project("{8BC9CEB8-8B4A-11D0-8D11-00A0C91BC942}") = "libyammer", "libyammer.vcxproj", "{36369923-A198-469B-B41B-65AD607E31C3}"
EndProject
Project("{8BC9CEB8-8B4A-11D0-8D11-00A0C91BC942}") = "chat", "chat\chat.vcxproj", "{4F667C61-32E6-4964-B0E3-20819566A015}"
	ProjectSection(ProjectDependencies) = postProject
		{36369923-A198-469B-B41B-65AD607E31C3} = {36369923-A198-469B-B41B-65AD607E31C3}
	EndProjectSection
EndProject
Project("{8BC9CEB8-8B4A-11D0-8D11-00A0C91BC942}") = "tests", "tests\tests.vcxproj", "{79C39751-4EE7-4E60-A57D-E5089CCA47FC}"
	ProjectSection(ProjectDependencies) = postProject
		{36369923-A198-469B-B41B-65AD607E31C3} = {36369923-A198-469B-B41B-65AD607E31C3}
	EndProjectSection
EndProject
Project("{8BC9CEB8-8B4A-11D0-8D11-00A0C91BC942}") = "ym-dispatch-main-test", "ym-dispatch-main-test\ym-dispatch-main-test.vcxproj", "{74222738-7433-4026-A978-37E259E74132}"
	ProjectSection(ProjectDependencies) = postProject
		{36369923-A198-469B-B41B-65AD607E31C3} = {36369923-A198-469B-B41B-65AD607E31C3}
		{79C39751-4EE7-4E60-A57D-E5089CCA47FC} = {79C39751-4EE7-4E60-A57D-E5089CCA47FC}
	EndProjectSection
EndProject
Project("{2150E333-8FDC-42A3-9474-1A3956D46DE8}") = "Solution Items", "Solution Items", "{7995437A-986A-45CF-A1C5-CFC1365ADFFC}"
	ProjectSection(SolutionItems) = preProject
		postbuild_event.bat = postbuild_event.bat
	EndProjectSection
EndProject
Project("{FAE04EC0-301F-11D3-BF4B-00C04F79EFBC}") = "Yammer", "Yammer\Yammer.csproj", "{B5118C90-F726-4802-94A2-63E698FED711}"
	ProjectSection(ProjectDependencies) = postProject
		{36369923-A198-469B-B41B-65AD607E31C3} = {36369923-A198-469B-B41B-65AD607E31C3}
	EndProjectSection
EndProject
Project("{FAE04EC0-301F-11D3-BF4B-00C04F79EFBC}") = "ProfilingTestApp", "ProfilingTestApp\ProfilingTestApp.csproj", "{767AF62C-907E-4861-A5E5-C8AB87F1AD51}"
	ProjectSection(ProjectDependencies) = postProject
		{B5118C90-F726-4802-94A2-63E698FED711} = {B5118C90-F726-4802-94A2-63E698FED711}
	EndProjectSection
EndProject
Global
	GlobalSection(SolutionConfigurationPlatforms) = preSolution
		Debug|Any CPU = Debug|Any CPU
		Debug|ARM = Debug|ARM
		Debug|x64 = Debug|x64
		Debug|x86 = Debug|x86
		Release|Any CPU = Release|Any CPU
		Release|ARM = Release|ARM
		Release|x64 = Release|x64
		Release|x86 = Release|x86
	EndGlobalSection
	GlobalSection(ProjectConfigurationPlatforms) = postSolution
		{36369923-A198-469B-B41B-65AD607E31C3}.Debug|Any CPU.ActiveCfg = Debug|Win32
		{36369923-A198-469B-B41B-65AD607E31C3}.Debug|ARM.ActiveCfg = Debug|Win32
		{36369923-A198-469B-B41B-65AD607E31C3}.Debug|x64.ActiveCfg = Debug|x64
		{36369923-A198-469B-B41B-65AD607E31C3}.Debug|x64.Build.0 = Debug|x64
		{36369923-A198-469B-B41B-65AD607E31C3}.Debug|x86.ActiveCfg = Debug|Win32
		{36369923-A198-469B-B41B-65AD607E31C3}.Debug|x86.Build.0 = Debug|Win32
		{36369923-A198-469B-B41B-65AD607E31C3}.Release|Any CPU.ActiveCfg = Release|Win32
		{36369923-A198-469B-B41B-65AD607E31C3}.Release|ARM.ActiveCfg = Release|Win32
		{36369923-A198-469B-B41B-65AD607E31C3}.Release|x64.ActiveCfg = Release|x64
		{36369923-A198-469B-B41B-65AD607E31C3}.Release|x64.Build.0 = Release|x64
		{36369923-A198-469B-B41B-65AD607E31C3}.Release|x86.ActiveCfg = Release|Win32
		{36369923-A198-469B-B41B-65AD607E31C3}.Release|x86.Build.0 = Release|Win32
		{4F667C61-32E6-4964-B0E3-20819566A015}.Debug|Any CPU.ActiveCfg = Debug|Win32
		{4F667C61-32E6-4964-B0E3-20819566A015}.Debug|ARM.ActiveCfg = Debug|Win32
		{4F667C61-32E6-4964-B0E3-20819566A015}.Debug|x64.ActiveCfg = Debug|x64
		{4F667C61-32E6-4964-B0E3-20819566A015}.Debug|x64.Build.0 = Debug|x64
		{4F667C61-32E6-4964-B0E3-20819566A015}.Debug|x86.ActiveCfg = Debug|Win32
		{4F667C61-32E6-4964-B0E3-20819566A015}.Debug|x86.Build.0 = Debug|Win32
		{4F667C61-32E6-4964-B0E3-20819566A015}.Release|Any CPU.ActiveCfg = Release|Win32
		{4F667C61-32E6-4964-B0E3-20819566A015}.Release|ARM.ActiveCfg = Release|Win32
		{4F667C61-32E6-4964-B0E3-20819566A015}.Release|x64.ActiveCfg = Release|x64
		{4F667C61-32E6-4964-B0E3-20819566A015}.Release|x64.Build.0 = Release|x64
		{4F667C61-32E6-4964-B0E3-20819566A015}.Release|x86.ActiveCfg = Release|Win32
		{4F667C61-32E6-4964-B0E3-20819566A015}.Release|x86.Build.0 = Release|Win32
		{79C39751-4EE7-4E60-A57D-E5089CCA47FC}.Debug|Any CPU.ActiveCfg = Debug|Win32
		{79C39751-4EE7-4E60-A57D-E5089CCA47FC}.Debug|ARM.ActiveCfg = Debug|Win32
		{79C39751-4EE7-4E60-A57D-E5089CCA47FC}.Debug|x64.ActiveCfg = Debug|x64
		{79C39751-4EE7-4E60-A57D-E5089CCA47FC}.Debug|x64.Build.0 = Debug|x64
		{79C39751-4EE7-4E60-A57D-E5089CCA47FC}.Debug|x86.ActiveCfg = Debug|Win32
		{79C39751-4EE7-4E60-A57D-E5089CCA47FC}.Debug|x86.Build.0 = Debug|Win32
		{79C39751-4EE7-4E60-A57D-E5089CCA47FC}.Release|Any CPU.ActiveCfg = Release|Win32
		{79C39751-4EE7-4E60-A57D-E5089CCA47FC}.Release|ARM.ActiveCfg = Release|Win32
		{79C39751-4EE7-4E60-A57D-E5089CCA47FC}.Release|x64.ActiveCfg = Release|x64
		{79C39751-4EE7-4E60-A57D-E5089CCA47FC}.Release|x64.Build.0 = Release|x64
		{79C39751-4EE7-4E60-A57D-E5089CCA47FC}.Release|x86.ActiveCfg = Release|Win32
		{79C39751-4EE7-4E60-A57D-E5089CCA47FC}.Release|x86.Build.0 = Release|Win32
		{74222738-7433-4026-A978-37E259E74132}.Debug|Any CPU.ActiveCfg = Debug|Win32
		{74222738-7433-4026-A978-37E259E74132}.Debug|ARM.ActiveCfg = Debug|Win32
		{74222738-7433-4026-A978-37E259E74132}.Debug|x64.ActiveCfg = Debug|x64
		{74222738-7433-4026-A978-37E259E74132}.Debug|x64.Build.0 = Debug|x64
		{74222738-7433-4026-A978-37E259E74132}.Debug|x86.ActiveCfg = Debug|Win32
		{74222738-7433-4026-A978-37E259E74132}.Debug|x86.Build.0 = Debug|Win32
		{74222738-7433-4026-A978-37E259E74132}.Release|Any CPU.ActiveCfg = Release|Win32
		{74222738-7433-4026-A978-37E259E74132}.Release|ARM.ActiveCfg = Release|Win32
		{74222738-7433-4026-A978-37E259E74132}.Release|x64.ActiveCfg = Release|x64
		{74222738-7433-4026-A978-37E259E74132}.Release|x64.Build.0 = Release|x64
		{74222738-7433-4026-A978-37E259E74132}.Release|x86.ActiveCfg = Release|Win32
		{74222738-7433-4026-A978-37E259E74132}.Release|x86.Build.0 = Release|Win32
		{B5118C90-F726-4802-94A2-63E698FED711}.Debug|Any CPU.ActiveCfg = Debug|Any CPU
		{B5118C90-F726-4802-94A2-63E698FED711}.Debug|Any CPU.Build.0 = Debug|Any CPU
		{B5118C90-F726-4802-94A2-63E698FED711}.Debug|ARM.ActiveCfg = Debug|ARM
		{B5118C90-F726-4802-94A2-63E698FED711}.Debug|ARM.Build.0 = Debug|ARM
		{B5118C90-F726-4802-94A2-63E698FED711}.Debug|x64.ActiveCfg = Debug|x64
		{B5118C90-F726-4802-94A2-63E698FED711}.Debug|x64.Build.0 = Debug|x64
		{B5118C90-F726-4802-94A2-63E698FED711}.Debug|x86.ActiveCfg = Debug|x86
		{B5118C90-F726-4802-94A2-63E698FED711}.Debug|x86.Build.0 = Debug|x86
		{B5118C90-F726-4802-94A2-63E698FED711}.Release|Any CPU.ActiveCfg = Release|Any CPU
		{B5118C90-F726-4802-94A2-63E698FED711}.Release|Any CPU.Build.0 = Release|Any CPU
		{B5118C90-F726-4802-94A2-63E698FED711}.Release|ARM.ActiveCfg = Release|ARM
		{B5118C90-F726-4802-94A2-63E698FED711}.Release|ARM.Build.0 = Release|ARM
		{B5118C90-F726-4802-94A2-63E698FED711}.Release|x64.ActiveCfg = Release|x64
		{B5118C90-F726-4802-94A2-63E698FED711}.Release|x64.Build.0 = Release|x64
		{B5118C90-F726-4802-94A2-63E698FED711}.Release|x86.ActiveCfg = Release|x86
		{B5118C90-F726-4802-94A2-63E698FED711}.Release|x86.Build.0 = Release|x86
		{767AF62C-907E-4861-A5E5-C8AB87F1AD51}.Debug|Any CPU.ActiveCfg = Debug|x86
		{767AF62C-907E-4861-A5E5-C8AB87F1AD51}.Debug|ARM.ActiveCfg = Debug|ARM
		{767AF62C-907E-4861-A5E5-C8AB87F1AD51}.Debug|ARM.Build.0 = Debug|ARM
		{767AF62C-907E-4861-A5E5-C8AB87F1AD51}.Debug|ARM.Deploy.0 = Debug|ARM
		{767AF62C-907E-4861-A5E5-C8AB87F1AD51}.Debug|x64.ActiveCfg = Debug|x64
		{767AF62C-907E-4861-A5E5-C8AB87F1AD51}.Debug|x64.Build.0 = Debug|x64
		{767AF62C-907E-4861-A5E5-C8AB87F1AD51}.Debug|x64.Deploy.0 = Debug|x64
		{767AF62C-907E-4861-A5E5-C8AB87F1AD51}.Debug|x86.ActiveCfg = Debug|x86
		{767AF62C-907E-4861-A5E5-C8AB87F1AD51}.Debug|x86.Build.0 = Debug|x86
		{767AF62C-907E-4861-A5E5-C8AB87F1AD51}.Debug|x86.Deploy.0 = Debug|x86
		{767AF62C-907E-4861-A5E5-C8AB87F1AD51}.Release|Any CPU.ActiveCfg = Release|x86
		{767AF62C-907E-4861-A5E5-C8AB87F1AD51}.Release|ARM.ActiveCfg = Release|ARM
		{767AF62C-907E-4861-A5E5-C8AB87F1AD51}.Release|ARM.Build.0 = Release|ARM
		{767AF62C-907E-4861-A5E5-C8AB87F1AD51}.Release|ARM.Deploy.0 = Release|ARM
		{767AF62C-907E-4861-A5E5-C8AB87F1AD51}.Release|x64.ActiveCfg = Release|x64
		{767AF62C-907E-4861-A5E5-C8AB87F1AD51}.Release|x64.Build.0 = Release|x64
		{767AF62C-907E-4861-A5E5-C8AB87F1AD51}.Release|x64.Deploy.0 = Release|x64
		{767AF62C-907E-4861-A5E5-C8AB87F1AD51}.Release|x86.ActiveCfg = Release|x86
		{767AF62C-907E-4861-A5E5-C8AB87F1AD51}.Release|x86.Build.0 = Release|x86
		{767AF62C-907E-4861-A5E5-C8AB87F1AD51}.Release|x86.Deploy.0 = Release|x86
	EndGlobalSection
	GlobalSection(SolutionProperties) = preSolution
		HideSolutionNode = FALSE
	EndGlobalSection
EndGlobal
